// !$*UTF8*$!
{
	archiveVersion = 1;
	classes = {
	};
	objectVersion = 50;
	objects = {

/* Begin PBXBuildFile section */
		3A3E66132239269800243F93 /* TWImageViewController.m in Sources */ = {isa = PBXBuildFile; fileRef = 3A3E66122239269800243F93 /* TWImageViewController.m */; };
		3A3E6615223926AB00243F93 /* TWImageViewController.storyboard in Resources */ = {isa = PBXBuildFile; fileRef = 3A3E6614223926AB00243F93 /* TWImageViewController.storyboard */; };
		3AAC2BC4228EDE34000FCE1A /* TWChatBotFunctionParam.m in Sources */ = {isa = PBXBuildFile; fileRef = 3AAC2BC3228EDE34000FCE1A /* TWChatBotFunctionParam.m */; };
		3AAC2BC7228EDED8000FCE1A /* TWChatBotFunctionComboBoxParam.m in Sources */ = {isa = PBXBuildFile; fileRef = 3AAC2BC6228EDED8000FCE1A /* TWChatBotFunctionComboBoxParam.m */; };
		3AF40500228ECFF100A72208 /* TWChatComboBoxCell.m in Sources */ = {isa = PBXBuildFile; fileRef = 3AF404FE228ECFF100A72208 /* TWChatComboBoxCell.m */; };
		3AF40501228ECFF100A72208 /* TWChatComboBoxCell.xib in Resources */ = {isa = PBXBuildFile; fileRef = 3AF404FF228ECFF100A72208 /* TWChatComboBoxCell.xib */; };
		3AFE4072221FC1C900C5A0FE /* HPGrowingTextView.m in Sources */ = {isa = PBXBuildFile; fileRef = 4F4B68CB221E5A9B00C4AA96 /* HPGrowingTextView.m */; };
		3AFE4073221FC1C900C5A0FE /* HPTextViewInternal.m in Sources */ = {isa = PBXBuildFile; fileRef = 4F4B68CC221E5A9B00C4AA96 /* HPTextViewInternal.m */; };
		4F0CC6B821F7421D00FA7A5C /* TWChatMessageCell.m in Sources */ = {isa = PBXBuildFile; fileRef = 4F0CC6B621F7421D00FA7A5C /* TWChatMessageCell.m */; };
		4F0CC6B921F7421D00FA7A5C /* TWChatMessageCell.xib in Resources */ = {isa = PBXBuildFile; fileRef = 4F0CC6B721F7421D00FA7A5C /* TWChatMessageCell.xib */; };
		4F0CC6C521F8820700FA7A5C /* TWChatViewController.m in Sources */ = {isa = PBXBuildFile; fileRef = 4F0CC6C421F8820700FA7A5C /* TWChatViewController.m */; };
		4F0CC6C821F9694500FA7A5C /* TWChatSettingsViewController.m in Sources */ = {isa = PBXBuildFile; fileRef = 4F0CC6C721F9694500FA7A5C /* TWChatSettingsViewController.m */; };
		4F0CC6CA21F9698000FA7A5C /* TWChatSettings.storyboard in Resources */ = {isa = PBXBuildFile; fileRef = 4F0CC6C921F9698000FA7A5C /* TWChatSettings.storyboard */; };
		4F0CC6CD21F9702700FA7A5C /* UIAlertController+AlertShow.m in Sources */ = {isa = PBXBuildFile; fileRef = 4F0CC6CC21F9702700FA7A5C /* UIAlertController+AlertShow.m */; };
		4F0CC6D121F9CADA00FA7A5C /* TWChatAuthorizationViewController.m in Sources */ = {isa = PBXBuildFile; fileRef = 4F0CC6D021F9CADA00FA7A5C /* TWChatAuthorizationViewController.m */; };
		4F0CC6D321F9CAF100FA7A5C /* TWChatAuthorization.storyboard in Resources */ = {isa = PBXBuildFile; fileRef = 4F0CC6D221F9CAF100FA7A5C /* TWChatAuthorization.storyboard */; };
		4F168EE8222CF33B00A0355A /* rcmessage_send@2x.png in Resources */ = {isa = PBXBuildFile; fileRef = 4F168EB4222CF33B00A0355A /* rcmessage_send@2x.png */; };
		4F168EE9222CF33B00A0355A /* rcmessages_audiopause@2x.png in Resources */ = {isa = PBXBuildFile; fileRef = 4F168EB5222CF33B00A0355A /* rcmessages_audiopause@2x.png */; };
		4F168EEA222CF33B00A0355A /* rcmessages_audioplay@2x.png in Resources */ = {isa = PBXBuildFile; fileRef = 4F168EB6222CF33B00A0355A /* rcmessages_audioplay@2x.png */; };
		4F168EEB222CF33B00A0355A /* rcmessage_outgoing.aiff in Resources */ = {isa = PBXBuildFile; fileRef = 4F168EB7222CF33B00A0355A /* rcmessage_outgoing.aiff */; };
		4F168EEC222CF33B00A0355A /* rcmessages_manual@2x.png in Resources */ = {isa = PBXBuildFile; fileRef = 4F168EB8222CF33B00A0355A /* rcmessages_manual@2x.png */; };
		4F168EED222CF33B00A0355A /* rcmessages_videoplay@2x.png in Resources */ = {isa = PBXBuildFile; fileRef = 4F168EB9222CF33B00A0355A /* rcmessages_videoplay@2x.png */; };
		4F168EEE222CF33B00A0355A /* rcmessage_incoming.aiff in Resources */ = {isa = PBXBuildFile; fileRef = 4F168EBA222CF33B00A0355A /* rcmessage_incoming.aiff */; };
		4F168EEF222CF33B00A0355A /* rcmessage_attach@2x.png in Resources */ = {isa = PBXBuildFile; fileRef = 4F168EBB222CF33B00A0355A /* rcmessage_attach@2x.png */; };
		4F168EF0222CF33B00A0355A /* RCMenuItem.m in Sources */ = {isa = PBXBuildFile; fileRef = 4F168EBD222CF33B00A0355A /* RCMenuItem.m */; };
		4F168EF1222CF33B00A0355A /* RCTextMessageCell.m in Sources */ = {isa = PBXBuildFile; fileRef = 4F168EC3222CF33B00A0355A /* RCTextMessageCell.m */; };
		4F168EF2222CF33B00A0355A /* RCEmojiMessageCell.m in Sources */ = {isa = PBXBuildFile; fileRef = 4F168EC5222CF33B00A0355A /* RCEmojiMessageCell.m */; };
		4F168EF3222CF33B00A0355A /* RCMessageCell.m in Sources */ = {isa = PBXBuildFile; fileRef = 4F168EC7222CF33B00A0355A /* RCMessageCell.m */; };
		4F168EF4222CF33B00A0355A /* RCPictureMessageCell.m in Sources */ = {isa = PBXBuildFile; fileRef = 4F168ECA222CF33B00A0355A /* RCPictureMessageCell.m */; };
		4F168EF5222CF33B00A0355A /* RCVideoMessageCell.m in Sources */ = {isa = PBXBuildFile; fileRef = 4F168ECD222CF33B00A0355A /* RCVideoMessageCell.m */; };
		4F168EF6222CF33B00A0355A /* RCAudioMessageCell.m in Sources */ = {isa = PBXBuildFile; fileRef = 4F168ED0222CF33B00A0355A /* RCAudioMessageCell.m */; };
		4F168EF7222CF33B00A0355A /* RCLocationMessageCell.m in Sources */ = {isa = PBXBuildFile; fileRef = 4F168ED3222CF33B00A0355A /* RCLocationMessageCell.m */; };
		4F168EF8222CF33B00A0355A /* RCStatusCell.m in Sources */ = {isa = PBXBuildFile; fileRef = 4F168ED6222CF33B00A0355A /* RCStatusCell.m */; };
		4F168EF9222CF33B00A0355A /* RCSectionFooterCell.m in Sources */ = {isa = PBXBuildFile; fileRef = 4F168EDB222CF33B00A0355A /* RCSectionFooterCell.m */; };
		4F168EFA222CF33B00A0355A /* RCBubbleFooterCell.m in Sources */ = {isa = PBXBuildFile; fileRef = 4F168EDC222CF33B00A0355A /* RCBubbleFooterCell.m */; };
		4F168EFB222CF33B00A0355A /* RCSectionHeaderCell.m in Sources */ = {isa = PBXBuildFile; fileRef = 4F168EDE222CF33B00A0355A /* RCSectionHeaderCell.m */; };
		4F168EFC222CF33B00A0355A /* RCBubbleHeaderCell.m in Sources */ = {isa = PBXBuildFile; fileRef = 4F168EDF222CF33B00A0355A /* RCBubbleHeaderCell.m */; };
		4F168EFD222CF33B00A0355A /* RCMessagesView.m in Sources */ = {isa = PBXBuildFile; fileRef = 4F168EE2222CF33B00A0355A /* RCMessagesView.m */; };
		4F168EFE222CF33B00A0355A /* RCMessages.m in Sources */ = {isa = PBXBuildFile; fileRef = 4F168EE3222CF33B00A0355A /* RCMessages.m */; };
		4F168EFF222CF33B00A0355A /* RCMessagesView.xib in Resources */ = {isa = PBXBuildFile; fileRef = 4F168EE4222CF33B00A0355A /* RCMessagesView.xib */; };
		4F168F00222CF33B00A0355A /* RCMessage.m in Sources */ = {isa = PBXBuildFile; fileRef = 4F168EE6222CF33B00A0355A /* RCMessage.m */; };
		4F168F02222CF63300A0355A /* testRtf.rtf in Resources */ = {isa = PBXBuildFile; fileRef = 4F168F01222CF63300A0355A /* testRtf.rtf */; };
		4F168F05222D0CD800A0355A /* XMPPRoomMessageCoreDataStorageObject+TWChat.m in Sources */ = {isa = PBXBuildFile; fileRef = 4F168F04222D0CD800A0355A /* XMPPRoomMessageCoreDataStorageObject+TWChat.m */; };
		4F168F08222E820200A0355A /* NSString+TWChat.m in Sources */ = {isa = PBXBuildFile; fileRef = 4F168F07222E820200A0355A /* NSString+TWChat.m */; };
		4F3241C8229425DC005D758D /* TWChatBotFunctionCheckBoxParam.m in Sources */ = {isa = PBXBuildFile; fileRef = 4F3241C7229425DC005D758D /* TWChatBotFunctionCheckBoxParam.m */; };
		4F3241CC2294268C005D758D /* TWChatSwitchCell.m in Sources */ = {isa = PBXBuildFile; fileRef = 4F3241CA2294268C005D758D /* TWChatSwitchCell.m */; };
		4F3241CD2294268C005D758D /* TWChatSwitchCell.xib in Resources */ = {isa = PBXBuildFile; fileRef = 4F3241CB2294268C005D758D /* TWChatSwitchCell.xib */; };
		4F3241D02294284D005D758D /* TWChatBotFunctionBooleanParam.m in Sources */ = {isa = PBXBuildFile; fileRef = 4F3241CF2294284D005D758D /* TWChatBotFunctionBooleanParam.m */; };
		4F3241D322942BD3005D758D /* TWChatBotFunctionStringParam.m in Sources */ = {isa = PBXBuildFile; fileRef = 4F3241D222942BD3005D758D /* TWChatBotFunctionStringParam.m */; };
		4F3241D722950C98005D758D /* TWChatCheckBoxCell.m in Sources */ = {isa = PBXBuildFile; fileRef = 4F3241D522950C98005D758D /* TWChatCheckBoxCell.m */; };
		4F3241D822950C98005D758D /* TWChatCheckBoxCell.xib in Resources */ = {isa = PBXBuildFile; fileRef = 4F3241D622950C98005D758D /* TWChatCheckBoxCell.xib */; };
		4F3241DB229BCB0D005D758D /* TWChatBotFunctionDateParam.m in Sources */ = {isa = PBXBuildFile; fileRef = 4F3241DA229BCB0D005D758D /* TWChatBotFunctionDateParam.m */; };
		4F3241DE229BCB29005D758D /* TWChatBotFunctionPeriodParam.m in Sources */ = {isa = PBXBuildFile; fileRef = 4F3241DD229BCB29005D758D /* TWChatBotFunctionPeriodParam.m */; };
		4F41F063229C031200752FBE /* TWDatePickerBottomSheetController.m in Sources */ = {isa = PBXBuildFile; fileRef = 4F41F062229C031200752FBE /* TWDatePickerBottomSheetController.m */; };
		4F41F065229C051900752FBE /* TWDatePickerViewController.xib in Resources */ = {isa = PBXBuildFile; fileRef = 4F41F064229C051900752FBE /* TWDatePickerViewController.xib */; };
		4F41F068229C0A5300752FBE /* TWDatePickerViewController.m in Sources */ = {isa = PBXBuildFile; fileRef = 4F41F067229C0A5300752FBE /* TWDatePickerViewController.m */; };
		4F41F07A229D064600752FBE /* TWChatDateCell.m in Sources */ = {isa = PBXBuildFile; fileRef = 4F41F078229D064600752FBE /* TWChatDateCell.m */; };
		4F41F07B229D064600752FBE /* TWChatDateCell.xib in Resources */ = {isa = PBXBuildFile; fileRef = 4F41F079229D064600752FBE /* TWChatDateCell.xib */; };
		4F41F07F229D138800752FBE /* TWChatPeriodCell.m in Sources */ = {isa = PBXBuildFile; fileRef = 4F41F07D229D138800752FBE /* TWChatPeriodCell.m */; };
		4F41F080229D138800752FBE /* TWChatPeriodCell.xib in Resources */ = {isa = PBXBuildFile; fileRef = 4F41F07E229D138800752FBE /* TWChatPeriodCell.xib */; };
		4F41F084229D531600752FBE /* TWCustomPickerViewController.m in Sources */ = {isa = PBXBuildFile; fileRef = 4F41F082229D531600752FBE /* TWCustomPickerViewController.m */; };
		4F41F085229D531600752FBE /* TWCustomPickerViewController.xib in Resources */ = {isa = PBXBuildFile; fileRef = 4F41F083229D531600752FBE /* TWCustomPickerViewController.xib */; };
		4F4B68C1221D503000C4AA96 /* TWChatBotAction.m in Sources */ = {isa = PBXBuildFile; fileRef = 4F4B68C0221D503000C4AA96 /* TWChatBotAction.m */; };
		4F4B68C4221D524500C4AA96 /* TWChatBotActionButton.m in Sources */ = {isa = PBXBuildFile; fileRef = 4F4B68C3221D524500C4AA96 /* TWChatBotActionButton.m */; };
		4F4B68C8221D54E100C4AA96 /* TWMessage.m in Sources */ = {isa = PBXBuildFile; fileRef = 4F4B68C7221D54E100C4AA96 /* TWMessage.m */; };
		4F4B68D0221E61C700C4AA96 /* TWChatDataProvider.m in Sources */ = {isa = PBXBuildFile; fileRef = 4F4B68CF221E61C700C4AA96 /* TWChatDataProvider.m */; };
		4F4B68E22224080900C4AA96 /* ImageIO.framework in Frameworks */ = {isa = PBXBuildFile; fileRef = 4F4B68E12224080900C4AA96 /* ImageIO.framework */; };
		4F4B697B2225441700C4AA96 /* TWChatTypingIndicator.m in Sources */ = {isa = PBXBuildFile; fileRef = 4F4B697A2225441700C4AA96 /* TWChatTypingIndicator.m */; };
		4F4B69832225442B00C4AA96 /* TWChatTypingIndicator.xib in Resources */ = {isa = PBXBuildFile; fileRef = 4F4B69822225442B00C4AA96 /* TWChatTypingIndicator.xib */; };
		4F4B69862225573400C4AA96 /* NSDate+TWChat.m in Sources */ = {isa = PBXBuildFile; fileRef = 4F4B69852225573400C4AA96 /* NSDate+TWChat.m */; };
		4F4B698922255A0700C4AA96 /* NSDate+Escort.m in Sources */ = {isa = PBXBuildFile; fileRef = 4F4B698822255A0600C4AA96 /* NSDate+Escort.m */; };
		4F4BF0A4223F68DC00E88693 /* UITableView+FDIndexPathHeightCache.m in Sources */ = {isa = PBXBuildFile; fileRef = 4F4BF09C223F68D900E88693 /* UITableView+FDIndexPathHeightCache.m */; };
		4F4BF0A5223F68DC00E88693 /* UITableView+FDTemplateLayoutCellDebug.m in Sources */ = {isa = PBXBuildFile; fileRef = 4F4BF0A0223F68DB00E88693 /* UITableView+FDTemplateLayoutCellDebug.m */; };
		4F4BF0A6223F68DC00E88693 /* UITableView+FDKeyedHeightCache.m in Sources */ = {isa = PBXBuildFile; fileRef = 4F4BF0A1223F68DB00E88693 /* UITableView+FDKeyedHeightCache.m */; };
		4F4BF0A7223F68DC00E88693 /* UITableView+FDTemplateLayoutCell.m in Sources */ = {isa = PBXBuildFile; fileRef = 4F4BF0A3223F68DB00E88693 /* UITableView+FDTemplateLayoutCell.m */; };
		4F4BF0AB223F98FE00E88693 /* UIImage+animatedGIF.m in Sources */ = {isa = PBXBuildFile; fileRef = 4F4BF0A9223F98FD00E88693 /* UIImage+animatedGIF.m */; };
		4F5A7B4022682C43000BBCF0 /* TWChatBotFunction.m in Sources */ = {isa = PBXBuildFile; fileRef = 4F5A7B3F22682C43000BBCF0 /* TWChatBotFunction.m */; };
		4F5A7B4322684548000BBCF0 /* TWChatGetUserDataViewController.m in Sources */ = {isa = PBXBuildFile; fileRef = 4F5A7B4222684548000BBCF0 /* TWChatGetUserDataViewController.m */; };
		4F5A7B452268492E000BBCF0 /* TWChatGetUserDataViewController.storyboard in Resources */ = {isa = PBXBuildFile; fileRef = 4F5A7B442268492E000BBCF0 /* TWChatGetUserDataViewController.storyboard */; };
		4F5A7B4922684A50000BBCF0 /* TWChatInputFieldCell.m in Sources */ = {isa = PBXBuildFile; fileRef = 4F5A7B4722684A50000BBCF0 /* TWChatInputFieldCell.m */; };
		4F5A7B4A22684A50000BBCF0 /* TWChatInputFieldCell.xib in Resources */ = {isa = PBXBuildFile; fileRef = 4F5A7B4822684A50000BBCF0 /* TWChatInputFieldCell.xib */; };
		4F5CE21322685097007CA0F2 /* TWChatEmptyCell.m in Sources */ = {isa = PBXBuildFile; fileRef = 4F5CE21122685097007CA0F2 /* TWChatEmptyCell.m */; };
		4F5CE21422685097007CA0F2 /* TWChatEmptyCell.xib in Resources */ = {isa = PBXBuildFile; fileRef = 4F5CE21222685097007CA0F2 /* TWChatEmptyCell.xib */; };
		4F5CE217226850FA007CA0F2 /* TWChatUserDataCell.m in Sources */ = {isa = PBXBuildFile; fileRef = 4F5CE216226850FA007CA0F2 /* TWChatUserDataCell.m */; };
		4F5CE21B2268562F007CA0F2 /* TWChatButtonCell.m in Sources */ = {isa = PBXBuildFile; fileRef = 4F5CE2192268562F007CA0F2 /* TWChatButtonCell.m */; };
		4F5CE21C2268562F007CA0F2 /* TWChatButtonCell.xib in Resources */ = {isa = PBXBuildFile; fileRef = 4F5CE21A2268562F007CA0F2 /* TWChatButtonCell.xib */; };
		4F5CE223226874F9007CA0F2 /* NSStringMask.m in Sources */ = {isa = PBXBuildFile; fileRef = 4F5CE21F226874F8007CA0F2 /* NSStringMask.m */; };
		4F5CE224226874F9007CA0F2 /* UITextFieldMask.m in Sources */ = {isa = PBXBuildFile; fileRef = 4F5CE221226874F9007CA0F2 /* UITextFieldMask.m */; };
		4F5CE22722689877007CA0F2 /* TWChatBotObject.m in Sources */ = {isa = PBXBuildFile; fileRef = 4F5CE22622689877007CA0F2 /* TWChatBotObject.m */; };
		4F5D1004221D2CC0007B52A4 /* TWMessagesView.m in Sources */ = {isa = PBXBuildFile; fileRef = 4F5D1003221D2CC0007B52A4 /* TWMessagesView.m */; };
		4F5D1006221D2D05007B52A4 /* TWMessagesView.xib in Resources */ = {isa = PBXBuildFile; fileRef = 4F5D1005221D2D05007B52A4 /* TWMessagesView.xib */; };
		4FEE102821F6F22500E6D849 /* AppDelegate.m in Sources */ = {isa = PBXBuildFile; fileRef = 4FEE102721F6F22500E6D849 /* AppDelegate.m */; };
		4FEE102B21F6F22500E6D849 /* TWChatRosterViewController.m in Sources */ = {isa = PBXBuildFile; fileRef = 4FEE102A21F6F22500E6D849 /* TWChatRosterViewController.m */; };
		4FEE102E21F6F22500E6D849 /* Main.storyboard in Resources */ = {isa = PBXBuildFile; fileRef = 4FEE102C21F6F22500E6D849 /* Main.storyboard */; };
		4FEE103021F6F22C00E6D849 /* Assets.xcassets in Resources */ = {isa = PBXBuildFile; fileRef = 4FEE102F21F6F22C00E6D849 /* Assets.xcassets */; };
		4FEE103321F6F22C00E6D849 /* LaunchScreen.storyboard in Resources */ = {isa = PBXBuildFile; fileRef = 4FEE103121F6F22C00E6D849 /* LaunchScreen.storyboard */; };
		4FEE103621F6F22C00E6D849 /* main.m in Sources */ = {isa = PBXBuildFile; fileRef = 4FEE103521F6F22C00E6D849 /* main.m */; };
		4FEE103E21F71C4100E6D849 /* TWXMPPProvider.m in Sources */ = {isa = PBXBuildFile; fileRef = 4FEE103D21F71C4100E6D849 /* TWXMPPProvider.m */; };
		FA0943AC528D8DF9454142BF /* Pods_XMPPTest.framework in Frameworks */ = {isa = PBXBuildFile; fileRef = 79FF812A0D7E43826EBD8335 /* Pods_XMPPTest.framework */; };
/* End PBXBuildFile section */

/* Begin PBXCopyFilesBuildPhase section */
		4FED7FDD2201832800AFF67F /* Embed Frameworks */ = {
			isa = PBXCopyFilesBuildPhase;
			buildActionMask = 2147483647;
			dstPath = "";
			dstSubfolderSpec = 10;
			files = (
			);
			name = "Embed Frameworks";
			runOnlyForDeploymentPostprocessing = 0;
		};
/* End PBXCopyFilesBuildPhase section */

/* Begin PBXFileReference section */
		3A3E66112239269800243F93 /* TWImageViewController.h */ = {isa = PBXFileReference; lastKnownFileType = sourcecode.c.h; path = TWImageViewController.h; sourceTree = "<group>"; };
		3A3E66122239269800243F93 /* TWImageViewController.m */ = {isa = PBXFileReference; lastKnownFileType = sourcecode.c.objc; path = TWImageViewController.m; sourceTree = "<group>"; };
		3A3E6614223926AB00243F93 /* TWImageViewController.storyboard */ = {isa = PBXFileReference; lastKnownFileType = file.storyboard; path = TWImageViewController.storyboard; sourceTree = "<group>"; };
		3AAC2BC2228EDE34000FCE1A /* TWChatBotFunctionParam.h */ = {isa = PBXFileReference; lastKnownFileType = sourcecode.c.h; path = TWChatBotFunctionParam.h; sourceTree = "<group>"; };
		3AAC2BC3228EDE34000FCE1A /* TWChatBotFunctionParam.m */ = {isa = PBXFileReference; lastKnownFileType = sourcecode.c.objc; path = TWChatBotFunctionParam.m; sourceTree = "<group>"; };
		3AAC2BC5228EDED8000FCE1A /* TWChatBotFunctionComboBoxParam.h */ = {isa = PBXFileReference; lastKnownFileType = sourcecode.c.h; path = TWChatBotFunctionComboBoxParam.h; sourceTree = "<group>"; };
		3AAC2BC6228EDED8000FCE1A /* TWChatBotFunctionComboBoxParam.m */ = {isa = PBXFileReference; lastKnownFileType = sourcecode.c.objc; path = TWChatBotFunctionComboBoxParam.m; sourceTree = "<group>"; };
		3AF404FD228ECFF100A72208 /* TWChatComboBoxCell.h */ = {isa = PBXFileReference; lastKnownFileType = sourcecode.c.h; path = TWChatComboBoxCell.h; sourceTree = "<group>"; };
		3AF404FE228ECFF100A72208 /* TWChatComboBoxCell.m */ = {isa = PBXFileReference; lastKnownFileType = sourcecode.c.objc; path = TWChatComboBoxCell.m; sourceTree = "<group>"; };
		3AF404FF228ECFF100A72208 /* TWChatComboBoxCell.xib */ = {isa = PBXFileReference; lastKnownFileType = file.xib; path = TWChatComboBoxCell.xib; sourceTree = "<group>"; };
		4F0CC6B521F7421D00FA7A5C /* TWChatMessageCell.h */ = {isa = PBXFileReference; lastKnownFileType = sourcecode.c.h; path = TWChatMessageCell.h; sourceTree = "<group>"; };
		4F0CC6B621F7421D00FA7A5C /* TWChatMessageCell.m */ = {isa = PBXFileReference; lastKnownFileType = sourcecode.c.objc; path = TWChatMessageCell.m; sourceTree = "<group>"; };
		4F0CC6B721F7421D00FA7A5C /* TWChatMessageCell.xib */ = {isa = PBXFileReference; lastKnownFileType = file.xib; path = TWChatMessageCell.xib; sourceTree = "<group>"; };
		4F0CC6C321F8820700FA7A5C /* TWChatViewController.h */ = {isa = PBXFileReference; lastKnownFileType = sourcecode.c.h; path = TWChatViewController.h; sourceTree = "<group>"; };
		4F0CC6C421F8820700FA7A5C /* TWChatViewController.m */ = {isa = PBXFileReference; lastKnownFileType = sourcecode.c.objc; path = TWChatViewController.m; sourceTree = "<group>"; };
		4F0CC6C621F9694500FA7A5C /* TWChatSettingsViewController.h */ = {isa = PBXFileReference; lastKnownFileType = sourcecode.c.h; path = TWChatSettingsViewController.h; sourceTree = "<group>"; };
		4F0CC6C721F9694500FA7A5C /* TWChatSettingsViewController.m */ = {isa = PBXFileReference; lastKnownFileType = sourcecode.c.objc; path = TWChatSettingsViewController.m; sourceTree = "<group>"; };
		4F0CC6C921F9698000FA7A5C /* TWChatSettings.storyboard */ = {isa = PBXFileReference; lastKnownFileType = file.storyboard; path = TWChatSettings.storyboard; sourceTree = "<group>"; };
		4F0CC6CB21F9702700FA7A5C /* UIAlertController+AlertShow.h */ = {isa = PBXFileReference; fileEncoding = 4; lastKnownFileType = sourcecode.c.h; path = "UIAlertController+AlertShow.h"; sourceTree = "<group>"; };
		4F0CC6CC21F9702700FA7A5C /* UIAlertController+AlertShow.m */ = {isa = PBXFileReference; fileEncoding = 4; lastKnownFileType = sourcecode.c.objc; path = "UIAlertController+AlertShow.m"; sourceTree = "<group>"; };
		4F0CC6CF21F9CADA00FA7A5C /* TWChatAuthorizationViewController.h */ = {isa = PBXFileReference; lastKnownFileType = sourcecode.c.h; path = TWChatAuthorizationViewController.h; sourceTree = "<group>"; };
		4F0CC6D021F9CADA00FA7A5C /* TWChatAuthorizationViewController.m */ = {isa = PBXFileReference; lastKnownFileType = sourcecode.c.objc; path = TWChatAuthorizationViewController.m; sourceTree = "<group>"; };
		4F0CC6D221F9CAF100FA7A5C /* TWChatAuthorization.storyboard */ = {isa = PBXFileReference; lastKnownFileType = file.storyboard; path = TWChatAuthorization.storyboard; sourceTree = "<group>"; };
		4F168EB1222CF33B00A0355A /* RCMessages.h */ = {isa = PBXFileReference; fileEncoding = 4; lastKnownFileType = sourcecode.c.h; path = RCMessages.h; sourceTree = "<group>"; };
		4F168EB2222CF33B00A0355A /* RCMessagesView.h */ = {isa = PBXFileReference; fileEncoding = 4; lastKnownFileType = sourcecode.c.h; path = RCMessagesView.h; sourceTree = "<group>"; };
		4F168EB4222CF33B00A0355A /* rcmessage_send@2x.png */ = {isa = PBXFileReference; lastKnownFileType = image.png; path = "rcmessage_send@2x.png"; sourceTree = "<group>"; };
		4F168EB5222CF33B00A0355A /* rcmessages_audiopause@2x.png */ = {isa = PBXFileReference; lastKnownFileType = image.png; path = "rcmessages_audiopause@2x.png"; sourceTree = "<group>"; };
		4F168EB6222CF33B00A0355A /* rcmessages_audioplay@2x.png */ = {isa = PBXFileReference; lastKnownFileType = image.png; path = "rcmessages_audioplay@2x.png"; sourceTree = "<group>"; };
		4F168EB7222CF33B00A0355A /* rcmessage_outgoing.aiff */ = {isa = PBXFileReference; lastKnownFileType = audio.aiff; path = rcmessage_outgoing.aiff; sourceTree = "<group>"; };
		4F168EB8222CF33B00A0355A /* rcmessages_manual@2x.png */ = {isa = PBXFileReference; lastKnownFileType = image.png; path = "rcmessages_manual@2x.png"; sourceTree = "<group>"; };
		4F168EB9222CF33B00A0355A /* rcmessages_videoplay@2x.png */ = {isa = PBXFileReference; lastKnownFileType = image.png; path = "rcmessages_videoplay@2x.png"; sourceTree = "<group>"; };
		4F168EBA222CF33B00A0355A /* rcmessage_incoming.aiff */ = {isa = PBXFileReference; lastKnownFileType = audio.aiff; path = rcmessage_incoming.aiff; sourceTree = "<group>"; };
		4F168EBB222CF33B00A0355A /* rcmessage_attach@2x.png */ = {isa = PBXFileReference; lastKnownFileType = image.png; path = "rcmessage_attach@2x.png"; sourceTree = "<group>"; };
		4F168EBD222CF33B00A0355A /* RCMenuItem.m */ = {isa = PBXFileReference; fileEncoding = 4; lastKnownFileType = sourcecode.c.objc; path = RCMenuItem.m; sourceTree = "<group>"; };
		4F168EBE222CF33B00A0355A /* RCMenuItem.h */ = {isa = PBXFileReference; fileEncoding = 4; lastKnownFileType = sourcecode.c.h; path = RCMenuItem.h; sourceTree = "<group>"; };
		4F168EC2222CF33B00A0355A /* RCTextMessageCell.h */ = {isa = PBXFileReference; fileEncoding = 4; lastKnownFileType = sourcecode.c.h; path = RCTextMessageCell.h; sourceTree = "<group>"; };
		4F168EC3222CF33B00A0355A /* RCTextMessageCell.m */ = {isa = PBXFileReference; fileEncoding = 4; lastKnownFileType = sourcecode.c.objc; path = RCTextMessageCell.m; sourceTree = "<group>"; };
		4F168EC5222CF33B00A0355A /* RCEmojiMessageCell.m */ = {isa = PBXFileReference; fileEncoding = 4; lastKnownFileType = sourcecode.c.objc; path = RCEmojiMessageCell.m; sourceTree = "<group>"; };
		4F168EC6222CF33B00A0355A /* RCEmojiMessageCell.h */ = {isa = PBXFileReference; fileEncoding = 4; lastKnownFileType = sourcecode.c.h; path = RCEmojiMessageCell.h; sourceTree = "<group>"; };
		4F168EC7222CF33B00A0355A /* RCMessageCell.m */ = {isa = PBXFileReference; fileEncoding = 4; lastKnownFileType = sourcecode.c.objc; path = RCMessageCell.m; sourceTree = "<group>"; };
		4F168EC9222CF33B00A0355A /* RCPictureMessageCell.h */ = {isa = PBXFileReference; fileEncoding = 4; lastKnownFileType = sourcecode.c.h; path = RCPictureMessageCell.h; sourceTree = "<group>"; };
		4F168ECA222CF33B00A0355A /* RCPictureMessageCell.m */ = {isa = PBXFileReference; fileEncoding = 4; lastKnownFileType = sourcecode.c.objc; path = RCPictureMessageCell.m; sourceTree = "<group>"; };
		4F168ECC222CF33B00A0355A /* RCVideoMessageCell.h */ = {isa = PBXFileReference; fileEncoding = 4; lastKnownFileType = sourcecode.c.h; path = RCVideoMessageCell.h; sourceTree = "<group>"; };
		4F168ECD222CF33B00A0355A /* RCVideoMessageCell.m */ = {isa = PBXFileReference; fileEncoding = 4; lastKnownFileType = sourcecode.c.objc; path = RCVideoMessageCell.m; sourceTree = "<group>"; };
		4F168ECF222CF33B00A0355A /* RCAudioMessageCell.h */ = {isa = PBXFileReference; fileEncoding = 4; lastKnownFileType = sourcecode.c.h; path = RCAudioMessageCell.h; sourceTree = "<group>"; };
		4F168ED0222CF33B00A0355A /* RCAudioMessageCell.m */ = {isa = PBXFileReference; fileEncoding = 4; lastKnownFileType = sourcecode.c.objc; path = RCAudioMessageCell.m; sourceTree = "<group>"; };
		4F168ED1222CF33B00A0355A /* RCMessageCell.h */ = {isa = PBXFileReference; fileEncoding = 4; lastKnownFileType = sourcecode.c.h; path = RCMessageCell.h; sourceTree = "<group>"; };
		4F168ED3222CF33B00A0355A /* RCLocationMessageCell.m */ = {isa = PBXFileReference; fileEncoding = 4; lastKnownFileType = sourcecode.c.objc; path = RCLocationMessageCell.m; sourceTree = "<group>"; };
		4F168ED4222CF33B00A0355A /* RCLocationMessageCell.h */ = {isa = PBXFileReference; fileEncoding = 4; lastKnownFileType = sourcecode.c.h; path = RCLocationMessageCell.h; sourceTree = "<group>"; };
		4F168ED6222CF33B00A0355A /* RCStatusCell.m */ = {isa = PBXFileReference; fileEncoding = 4; lastKnownFileType = sourcecode.c.objc; path = RCStatusCell.m; sourceTree = "<group>"; };
		4F168ED7222CF33B00A0355A /* RCStatusCell.h */ = {isa = PBXFileReference; fileEncoding = 4; lastKnownFileType = sourcecode.c.h; path = RCStatusCell.h; sourceTree = "<group>"; };
		4F168ED9222CF33B00A0355A /* RCSectionFooterCell.h */ = {isa = PBXFileReference; fileEncoding = 4; lastKnownFileType = sourcecode.c.h; path = RCSectionFooterCell.h; sourceTree = "<group>"; };
		4F168EDA222CF33B00A0355A /* RCBubbleFooterCell.h */ = {isa = PBXFileReference; fileEncoding = 4; lastKnownFileType = sourcecode.c.h; path = RCBubbleFooterCell.h; sourceTree = "<group>"; };
		4F168EDB222CF33B00A0355A /* RCSectionFooterCell.m */ = {isa = PBXFileReference; fileEncoding = 4; lastKnownFileType = sourcecode.c.objc; path = RCSectionFooterCell.m; sourceTree = "<group>"; };
		4F168EDC222CF33B00A0355A /* RCBubbleFooterCell.m */ = {isa = PBXFileReference; fileEncoding = 4; lastKnownFileType = sourcecode.c.objc; path = RCBubbleFooterCell.m; sourceTree = "<group>"; };
		4F168EDE222CF33B00A0355A /* RCSectionHeaderCell.m */ = {isa = PBXFileReference; fileEncoding = 4; lastKnownFileType = sourcecode.c.objc; path = RCSectionHeaderCell.m; sourceTree = "<group>"; };
		4F168EDF222CF33B00A0355A /* RCBubbleHeaderCell.m */ = {isa = PBXFileReference; fileEncoding = 4; lastKnownFileType = sourcecode.c.objc; path = RCBubbleHeaderCell.m; sourceTree = "<group>"; };
		4F168EE0222CF33B00A0355A /* RCSectionHeaderCell.h */ = {isa = PBXFileReference; fileEncoding = 4; lastKnownFileType = sourcecode.c.h; path = RCSectionHeaderCell.h; sourceTree = "<group>"; };
		4F168EE1222CF33B00A0355A /* RCBubbleHeaderCell.h */ = {isa = PBXFileReference; fileEncoding = 4; lastKnownFileType = sourcecode.c.h; path = RCBubbleHeaderCell.h; sourceTree = "<group>"; };
		4F168EE2222CF33B00A0355A /* RCMessagesView.m */ = {isa = PBXFileReference; fileEncoding = 4; lastKnownFileType = sourcecode.c.objc; path = RCMessagesView.m; sourceTree = "<group>"; };
		4F168EE3222CF33B00A0355A /* RCMessages.m */ = {isa = PBXFileReference; fileEncoding = 4; lastKnownFileType = sourcecode.c.objc; path = RCMessages.m; sourceTree = "<group>"; };
		4F168EE4222CF33B00A0355A /* RCMessagesView.xib */ = {isa = PBXFileReference; fileEncoding = 4; lastKnownFileType = file.xib; path = RCMessagesView.xib; sourceTree = "<group>"; };
		4F168EE6222CF33B00A0355A /* RCMessage.m */ = {isa = PBXFileReference; fileEncoding = 4; lastKnownFileType = sourcecode.c.objc; path = RCMessage.m; sourceTree = "<group>"; };
		4F168EE7222CF33B00A0355A /* RCMessage.h */ = {isa = PBXFileReference; fileEncoding = 4; lastKnownFileType = sourcecode.c.h; path = RCMessage.h; sourceTree = "<group>"; };
		4F168F01222CF63300A0355A /* testRtf.rtf */ = {isa = PBXFileReference; lastKnownFileType = text.rtf; path = testRtf.rtf; sourceTree = "<group>"; };
		4F168F03222D0CD800A0355A /* XMPPRoomMessageCoreDataStorageObject+TWChat.h */ = {isa = PBXFileReference; lastKnownFileType = sourcecode.c.h; path = "XMPPRoomMessageCoreDataStorageObject+TWChat.h"; sourceTree = "<group>"; };
		4F168F04222D0CD800A0355A /* XMPPRoomMessageCoreDataStorageObject+TWChat.m */ = {isa = PBXFileReference; lastKnownFileType = sourcecode.c.objc; path = "XMPPRoomMessageCoreDataStorageObject+TWChat.m"; sourceTree = "<group>"; };
		4F168F06222E820200A0355A /* NSString+TWChat.h */ = {isa = PBXFileReference; lastKnownFileType = sourcecode.c.h; path = "NSString+TWChat.h"; sourceTree = "<group>"; };
		4F168F07222E820200A0355A /* NSString+TWChat.m */ = {isa = PBXFileReference; lastKnownFileType = sourcecode.c.objc; path = "NSString+TWChat.m"; sourceTree = "<group>"; };
		4F3241C6229425DC005D758D /* TWChatBotFunctionCheckBoxParam.h */ = {isa = PBXFileReference; lastKnownFileType = sourcecode.c.h; path = TWChatBotFunctionCheckBoxParam.h; sourceTree = "<group>"; };
		4F3241C7229425DC005D758D /* TWChatBotFunctionCheckBoxParam.m */ = {isa = PBXFileReference; lastKnownFileType = sourcecode.c.objc; path = TWChatBotFunctionCheckBoxParam.m; sourceTree = "<group>"; };
		4F3241C92294268C005D758D /* TWChatSwitchCell.h */ = {isa = PBXFileReference; lastKnownFileType = sourcecode.c.h; path = TWChatSwitchCell.h; sourceTree = "<group>"; };
		4F3241CA2294268C005D758D /* TWChatSwitchCell.m */ = {isa = PBXFileReference; lastKnownFileType = sourcecode.c.objc; path = TWChatSwitchCell.m; sourceTree = "<group>"; };
		4F3241CB2294268C005D758D /* TWChatSwitchCell.xib */ = {isa = PBXFileReference; lastKnownFileType = file.xib; path = TWChatSwitchCell.xib; sourceTree = "<group>"; };
		4F3241CE2294284D005D758D /* TWChatBotFunctionBooleanParam.h */ = {isa = PBXFileReference; lastKnownFileType = sourcecode.c.h; path = TWChatBotFunctionBooleanParam.h; sourceTree = "<group>"; };
		4F3241CF2294284D005D758D /* TWChatBotFunctionBooleanParam.m */ = {isa = PBXFileReference; lastKnownFileType = sourcecode.c.objc; path = TWChatBotFunctionBooleanParam.m; sourceTree = "<group>"; };
		4F3241D122942BD3005D758D /* TWChatBotFunctionStringParam.h */ = {isa = PBXFileReference; lastKnownFileType = sourcecode.c.h; path = TWChatBotFunctionStringParam.h; sourceTree = "<group>"; };
		4F3241D222942BD3005D758D /* TWChatBotFunctionStringParam.m */ = {isa = PBXFileReference; lastKnownFileType = sourcecode.c.objc; path = TWChatBotFunctionStringParam.m; sourceTree = "<group>"; };
		4F3241D422950C98005D758D /* TWChatCheckBoxCell.h */ = {isa = PBXFileReference; lastKnownFileType = sourcecode.c.h; path = TWChatCheckBoxCell.h; sourceTree = "<group>"; };
		4F3241D522950C98005D758D /* TWChatCheckBoxCell.m */ = {isa = PBXFileReference; lastKnownFileType = sourcecode.c.objc; path = TWChatCheckBoxCell.m; sourceTree = "<group>"; };
		4F3241D622950C98005D758D /* TWChatCheckBoxCell.xib */ = {isa = PBXFileReference; lastKnownFileType = file.xib; path = TWChatCheckBoxCell.xib; sourceTree = "<group>"; };
		4F3241D9229BCB0D005D758D /* TWChatBotFunctionDateParam.h */ = {isa = PBXFileReference; lastKnownFileType = sourcecode.c.h; path = TWChatBotFunctionDateParam.h; sourceTree = "<group>"; };
		4F3241DA229BCB0D005D758D /* TWChatBotFunctionDateParam.m */ = {isa = PBXFileReference; lastKnownFileType = sourcecode.c.objc; path = TWChatBotFunctionDateParam.m; sourceTree = "<group>"; };
		4F3241DC229BCB29005D758D /* TWChatBotFunctionPeriodParam.h */ = {isa = PBXFileReference; lastKnownFileType = sourcecode.c.h; path = TWChatBotFunctionPeriodParam.h; sourceTree = "<group>"; };
		4F3241DD229BCB29005D758D /* TWChatBotFunctionPeriodParam.m */ = {isa = PBXFileReference; lastKnownFileType = sourcecode.c.objc; path = TWChatBotFunctionPeriodParam.m; sourceTree = "<group>"; };
		4F41F061229C031200752FBE /* TWDatePickerBottomSheetController.h */ = {isa = PBXFileReference; lastKnownFileType = sourcecode.c.h; path = TWDatePickerBottomSheetController.h; sourceTree = "<group>"; };
		4F41F062229C031200752FBE /* TWDatePickerBottomSheetController.m */ = {isa = PBXFileReference; lastKnownFileType = sourcecode.c.objc; path = TWDatePickerBottomSheetController.m; sourceTree = "<group>"; };
		4F41F064229C051900752FBE /* TWDatePickerViewController.xib */ = {isa = PBXFileReference; lastKnownFileType = file.xib; path = TWDatePickerViewController.xib; sourceTree = "<group>"; };
		4F41F066229C0A5300752FBE /* TWDatePickerViewController.h */ = {isa = PBXFileReference; lastKnownFileType = sourcecode.c.h; path = TWDatePickerViewController.h; sourceTree = "<group>"; };
		4F41F067229C0A5300752FBE /* TWDatePickerViewController.m */ = {isa = PBXFileReference; lastKnownFileType = sourcecode.c.objc; path = TWDatePickerViewController.m; sourceTree = "<group>"; };
		4F41F077229D064600752FBE /* TWChatDateCell.h */ = {isa = PBXFileReference; lastKnownFileType = sourcecode.c.h; path = TWChatDateCell.h; sourceTree = "<group>"; };
		4F41F078229D064600752FBE /* TWChatDateCell.m */ = {isa = PBXFileReference; lastKnownFileType = sourcecode.c.objc; path = TWChatDateCell.m; sourceTree = "<group>"; };
		4F41F079229D064600752FBE /* TWChatDateCell.xib */ = {isa = PBXFileReference; lastKnownFileType = file.xib; path = TWChatDateCell.xib; sourceTree = "<group>"; };
		4F41F07C229D138800752FBE /* TWChatPeriodCell.h */ = {isa = PBXFileReference; lastKnownFileType = sourcecode.c.h; path = TWChatPeriodCell.h; sourceTree = "<group>"; };
		4F41F07D229D138800752FBE /* TWChatPeriodCell.m */ = {isa = PBXFileReference; lastKnownFileType = sourcecode.c.objc; path = TWChatPeriodCell.m; sourceTree = "<group>"; };
		4F41F07E229D138800752FBE /* TWChatPeriodCell.xib */ = {isa = PBXFileReference; lastKnownFileType = file.xib; path = TWChatPeriodCell.xib; sourceTree = "<group>"; };
		4F41F081229D531600752FBE /* TWCustomPickerViewController.h */ = {isa = PBXFileReference; lastKnownFileType = sourcecode.c.h; path = TWCustomPickerViewController.h; sourceTree = "<group>"; };
		4F41F082229D531600752FBE /* TWCustomPickerViewController.m */ = {isa = PBXFileReference; lastKnownFileType = sourcecode.c.objc; path = TWCustomPickerViewController.m; sourceTree = "<group>"; };
		4F41F083229D531600752FBE /* TWCustomPickerViewController.xib */ = {isa = PBXFileReference; lastKnownFileType = file.xib; path = TWCustomPickerViewController.xib; sourceTree = "<group>"; };
		4F493FD122157FF4004CBBFC /* XMPPTest.entitlements */ = {isa = PBXFileReference; lastKnownFileType = text.plist.entitlements; path = XMPPTest.entitlements; sourceTree = "<group>"; };
		4F4B68BF221D503000C4AA96 /* TWChatBotAction.h */ = {isa = PBXFileReference; lastKnownFileType = sourcecode.c.h; path = TWChatBotAction.h; sourceTree = "<group>"; };
		4F4B68C0221D503000C4AA96 /* TWChatBotAction.m */ = {isa = PBXFileReference; lastKnownFileType = sourcecode.c.objc; path = TWChatBotAction.m; sourceTree = "<group>"; };
		4F4B68C2221D524500C4AA96 /* TWChatBotActionButton.h */ = {isa = PBXFileReference; lastKnownFileType = sourcecode.c.h; path = TWChatBotActionButton.h; sourceTree = "<group>"; };
		4F4B68C3221D524500C4AA96 /* TWChatBotActionButton.m */ = {isa = PBXFileReference; lastKnownFileType = sourcecode.c.objc; path = TWChatBotActionButton.m; sourceTree = "<group>"; };
		4F4B68C6221D54E100C4AA96 /* TWMessage.h */ = {isa = PBXFileReference; lastKnownFileType = sourcecode.c.h; path = TWMessage.h; sourceTree = "<group>"; };
		4F4B68C7221D54E100C4AA96 /* TWMessage.m */ = {isa = PBXFileReference; lastKnownFileType = sourcecode.c.objc; path = TWMessage.m; sourceTree = "<group>"; };
		4F4B68CA221E5A9B00C4AA96 /* HPTextViewInternal.h */ = {isa = PBXFileReference; lastKnownFileType = sourcecode.c.h; path = HPTextViewInternal.h; sourceTree = "<group>"; };
		4F4B68CB221E5A9B00C4AA96 /* HPGrowingTextView.m */ = {isa = PBXFileReference; lastKnownFileType = sourcecode.c.objc; path = HPGrowingTextView.m; sourceTree = "<group>"; };
		4F4B68CC221E5A9B00C4AA96 /* HPTextViewInternal.m */ = {isa = PBXFileReference; lastKnownFileType = sourcecode.c.objc; path = HPTextViewInternal.m; sourceTree = "<group>"; };
		4F4B68CD221E5A9B00C4AA96 /* HPGrowingTextView.h */ = {isa = PBXFileReference; lastKnownFileType = sourcecode.c.h; path = HPGrowingTextView.h; sourceTree = "<group>"; };
		4F4B68CE221E61C700C4AA96 /* TWChatDataProvider.h */ = {isa = PBXFileReference; lastKnownFileType = sourcecode.c.h; path = TWChatDataProvider.h; sourceTree = "<group>"; };
		4F4B68CF221E61C700C4AA96 /* TWChatDataProvider.m */ = {isa = PBXFileReference; lastKnownFileType = sourcecode.c.objc; path = TWChatDataProvider.m; sourceTree = "<group>"; };
		4F4B68E12224080900C4AA96 /* ImageIO.framework */ = {isa = PBXFileReference; lastKnownFileType = wrapper.framework; name = ImageIO.framework; path = System/Library/Frameworks/ImageIO.framework; sourceTree = SDKROOT; };
		4F4B69792225441700C4AA96 /* TWChatTypingIndicator.h */ = {isa = PBXFileReference; lastKnownFileType = sourcecode.c.h; path = TWChatTypingIndicator.h; sourceTree = "<group>"; };
		4F4B697A2225441700C4AA96 /* TWChatTypingIndicator.m */ = {isa = PBXFileReference; lastKnownFileType = sourcecode.c.objc; path = TWChatTypingIndicator.m; sourceTree = "<group>"; };
		4F4B69822225442B00C4AA96 /* TWChatTypingIndicator.xib */ = {isa = PBXFileReference; lastKnownFileType = file.xib; path = TWChatTypingIndicator.xib; sourceTree = "<group>"; };
		4F4B69842225573400C4AA96 /* NSDate+TWChat.h */ = {isa = PBXFileReference; lastKnownFileType = sourcecode.c.h; path = "NSDate+TWChat.h"; sourceTree = "<group>"; };
		4F4B69852225573400C4AA96 /* NSDate+TWChat.m */ = {isa = PBXFileReference; lastKnownFileType = sourcecode.c.objc; path = "NSDate+TWChat.m"; sourceTree = "<group>"; };
		4F4B698722255A0500C4AA96 /* NSDate+Escort.h */ = {isa = PBXFileReference; fileEncoding = 4; lastKnownFileType = sourcecode.c.h; path = "NSDate+Escort.h"; sourceTree = "<group>"; };
		4F4B698822255A0600C4AA96 /* NSDate+Escort.m */ = {isa = PBXFileReference; fileEncoding = 4; lastKnownFileType = sourcecode.c.objc; path = "NSDate+Escort.m"; sourceTree = "<group>"; };
		4F4BF09C223F68D900E88693 /* UITableView+FDIndexPathHeightCache.m */ = {isa = PBXFileReference; fileEncoding = 4; lastKnownFileType = sourcecode.c.objc; path = "UITableView+FDIndexPathHeightCache.m"; sourceTree = "<group>"; };
		4F4BF09D223F68DA00E88693 /* UITableView+FDKeyedHeightCache.h */ = {isa = PBXFileReference; fileEncoding = 4; lastKnownFileType = sourcecode.c.h; path = "UITableView+FDKeyedHeightCache.h"; sourceTree = "<group>"; };
		4F4BF09E223F68DA00E88693 /* UITableView+FDIndexPathHeightCache.h */ = {isa = PBXFileReference; fileEncoding = 4; lastKnownFileType = sourcecode.c.h; path = "UITableView+FDIndexPathHeightCache.h"; sourceTree = "<group>"; };
		4F4BF09F223F68DA00E88693 /* UITableView+FDTemplateLayoutCell.h */ = {isa = PBXFileReference; fileEncoding = 4; lastKnownFileType = sourcecode.c.h; path = "UITableView+FDTemplateLayoutCell.h"; sourceTree = "<group>"; };
		4F4BF0A0223F68DB00E88693 /* UITableView+FDTemplateLayoutCellDebug.m */ = {isa = PBXFileReference; fileEncoding = 4; lastKnownFileType = sourcecode.c.objc; path = "UITableView+FDTemplateLayoutCellDebug.m"; sourceTree = "<group>"; };
		4F4BF0A1223F68DB00E88693 /* UITableView+FDKeyedHeightCache.m */ = {isa = PBXFileReference; fileEncoding = 4; lastKnownFileType = sourcecode.c.objc; path = "UITableView+FDKeyedHeightCache.m"; sourceTree = "<group>"; };
		4F4BF0A2223F68DB00E88693 /* UITableView+FDTemplateLayoutCellDebug.h */ = {isa = PBXFileReference; fileEncoding = 4; lastKnownFileType = sourcecode.c.h; path = "UITableView+FDTemplateLayoutCellDebug.h"; sourceTree = "<group>"; };
		4F4BF0A3223F68DB00E88693 /* UITableView+FDTemplateLayoutCell.m */ = {isa = PBXFileReference; fileEncoding = 4; lastKnownFileType = sourcecode.c.objc; path = "UITableView+FDTemplateLayoutCell.m"; sourceTree = "<group>"; };
		4F4BF0A9223F98FD00E88693 /* UIImage+animatedGIF.m */ = {isa = PBXFileReference; fileEncoding = 4; lastKnownFileType = sourcecode.c.objc; path = "UIImage+animatedGIF.m"; sourceTree = "<group>"; };
		4F4BF0AA223F98FE00E88693 /* UIImage+animatedGIF.h */ = {isa = PBXFileReference; fileEncoding = 4; lastKnownFileType = sourcecode.c.h; path = "UIImage+animatedGIF.h"; sourceTree = "<group>"; };
		4F5A7B3E22682C43000BBCF0 /* TWChatBotFunction.h */ = {isa = PBXFileReference; lastKnownFileType = sourcecode.c.h; path = TWChatBotFunction.h; sourceTree = "<group>"; };
		4F5A7B3F22682C43000BBCF0 /* TWChatBotFunction.m */ = {isa = PBXFileReference; lastKnownFileType = sourcecode.c.objc; path = TWChatBotFunction.m; sourceTree = "<group>"; };
		4F5A7B4122684548000BBCF0 /* TWChatGetUserDataViewController.h */ = {isa = PBXFileReference; lastKnownFileType = sourcecode.c.h; path = TWChatGetUserDataViewController.h; sourceTree = "<group>"; };
		4F5A7B4222684548000BBCF0 /* TWChatGetUserDataViewController.m */ = {isa = PBXFileReference; lastKnownFileType = sourcecode.c.objc; path = TWChatGetUserDataViewController.m; sourceTree = "<group>"; };
		4F5A7B442268492E000BBCF0 /* TWChatGetUserDataViewController.storyboard */ = {isa = PBXFileReference; lastKnownFileType = file.storyboard; path = TWChatGetUserDataViewController.storyboard; sourceTree = "<group>"; };
		4F5A7B4622684A50000BBCF0 /* TWChatInputFieldCell.h */ = {isa = PBXFileReference; lastKnownFileType = sourcecode.c.h; path = TWChatInputFieldCell.h; sourceTree = "<group>"; };
		4F5A7B4722684A50000BBCF0 /* TWChatInputFieldCell.m */ = {isa = PBXFileReference; lastKnownFileType = sourcecode.c.objc; path = TWChatInputFieldCell.m; sourceTree = "<group>"; };
		4F5A7B4822684A50000BBCF0 /* TWChatInputFieldCell.xib */ = {isa = PBXFileReference; lastKnownFileType = file.xib; path = TWChatInputFieldCell.xib; sourceTree = "<group>"; };
		4F5CE21022685097007CA0F2 /* TWChatEmptyCell.h */ = {isa = PBXFileReference; lastKnownFileType = sourcecode.c.h; path = TWChatEmptyCell.h; sourceTree = "<group>"; };
		4F5CE21122685097007CA0F2 /* TWChatEmptyCell.m */ = {isa = PBXFileReference; lastKnownFileType = sourcecode.c.objc; path = TWChatEmptyCell.m; sourceTree = "<group>"; };
		4F5CE21222685097007CA0F2 /* TWChatEmptyCell.xib */ = {isa = PBXFileReference; lastKnownFileType = file.xib; path = TWChatEmptyCell.xib; sourceTree = "<group>"; };
		4F5CE215226850FA007CA0F2 /* TWChatUserDataCell.h */ = {isa = PBXFileReference; lastKnownFileType = sourcecode.c.h; path = TWChatUserDataCell.h; sourceTree = "<group>"; };
		4F5CE216226850FA007CA0F2 /* TWChatUserDataCell.m */ = {isa = PBXFileReference; lastKnownFileType = sourcecode.c.objc; path = TWChatUserDataCell.m; sourceTree = "<group>"; };
		4F5CE2182268562F007CA0F2 /* TWChatButtonCell.h */ = {isa = PBXFileReference; lastKnownFileType = sourcecode.c.h; path = TWChatButtonCell.h; sourceTree = "<group>"; };
		4F5CE2192268562F007CA0F2 /* TWChatButtonCell.m */ = {isa = PBXFileReference; lastKnownFileType = sourcecode.c.objc; path = TWChatButtonCell.m; sourceTree = "<group>"; };
		4F5CE21A2268562F007CA0F2 /* TWChatButtonCell.xib */ = {isa = PBXFileReference; lastKnownFileType = file.xib; path = TWChatButtonCell.xib; sourceTree = "<group>"; };
		4F5CE21F226874F8007CA0F2 /* NSStringMask.m */ = {isa = PBXFileReference; fileEncoding = 4; lastKnownFileType = sourcecode.c.objc; path = NSStringMask.m; sourceTree = "<group>"; };
		4F5CE220226874F8007CA0F2 /* UITextFieldMask.h */ = {isa = PBXFileReference; fileEncoding = 4; lastKnownFileType = sourcecode.c.h; path = UITextFieldMask.h; sourceTree = "<group>"; };
		4F5CE221226874F9007CA0F2 /* UITextFieldMask.m */ = {isa = PBXFileReference; fileEncoding = 4; lastKnownFileType = sourcecode.c.objc; path = UITextFieldMask.m; sourceTree = "<group>"; };
		4F5CE222226874F9007CA0F2 /* NSStringMask.h */ = {isa = PBXFileReference; fileEncoding = 4; lastKnownFileType = sourcecode.c.h; path = NSStringMask.h; sourceTree = "<group>"; };
		4F5CE22522689877007CA0F2 /* TWChatBotObject.h */ = {isa = PBXFileReference; lastKnownFileType = sourcecode.c.h; path = TWChatBotObject.h; sourceTree = "<group>"; };
		4F5CE22622689877007CA0F2 /* TWChatBotObject.m */ = {isa = PBXFileReference; lastKnownFileType = sourcecode.c.objc; path = TWChatBotObject.m; sourceTree = "<group>"; };
		4F5D1002221D2CC0007B52A4 /* TWMessagesView.h */ = {isa = PBXFileReference; lastKnownFileType = sourcecode.c.h; path = TWMessagesView.h; sourceTree = "<group>"; };
		4F5D1003221D2CC0007B52A4 /* TWMessagesView.m */ = {isa = PBXFileReference; lastKnownFileType = sourcecode.c.objc; path = TWMessagesView.m; sourceTree = "<group>"; };
		4F5D1005221D2D05007B52A4 /* TWMessagesView.xib */ = {isa = PBXFileReference; lastKnownFileType = file.xib; path = TWMessagesView.xib; sourceTree = "<group>"; };
		4FEE102321F6F22500E6D849 /* XMPPTest.app */ = {isa = PBXFileReference; explicitFileType = wrapper.application; includeInIndex = 0; path = XMPPTest.app; sourceTree = BUILT_PRODUCTS_DIR; };
		4FEE102621F6F22500E6D849 /* AppDelegate.h */ = {isa = PBXFileReference; lastKnownFileType = sourcecode.c.h; path = AppDelegate.h; sourceTree = "<group>"; };
		4FEE102721F6F22500E6D849 /* AppDelegate.m */ = {isa = PBXFileReference; lastKnownFileType = sourcecode.c.objc; path = AppDelegate.m; sourceTree = "<group>"; };
		4FEE102921F6F22500E6D849 /* TWChatRosterViewController.h */ = {isa = PBXFileReference; lastKnownFileType = sourcecode.c.h; path = TWChatRosterViewController.h; sourceTree = "<group>"; };
		4FEE102A21F6F22500E6D849 /* TWChatRosterViewController.m */ = {isa = PBXFileReference; lastKnownFileType = sourcecode.c.objc; path = TWChatRosterViewController.m; sourceTree = "<group>"; };
		4FEE102D21F6F22500E6D849 /* Base */ = {isa = PBXFileReference; lastKnownFileType = file.storyboard; name = Base; path = Base.lproj/Main.storyboard; sourceTree = "<group>"; };
		4FEE102F21F6F22C00E6D849 /* Assets.xcassets */ = {isa = PBXFileReference; lastKnownFileType = folder.assetcatalog; path = Assets.xcassets; sourceTree = "<group>"; };
		4FEE103221F6F22C00E6D849 /* Base */ = {isa = PBXFileReference; lastKnownFileType = file.storyboard; name = Base; path = Base.lproj/LaunchScreen.storyboard; sourceTree = "<group>"; };
		4FEE103421F6F22C00E6D849 /* Info.plist */ = {isa = PBXFileReference; lastKnownFileType = text.plist.xml; path = Info.plist; sourceTree = "<group>"; };
		4FEE103521F6F22C00E6D849 /* main.m */ = {isa = PBXFileReference; lastKnownFileType = sourcecode.c.objc; path = main.m; sourceTree = "<group>"; };
		4FEE103C21F71C4100E6D849 /* TWXMPPProvider.h */ = {isa = PBXFileReference; lastKnownFileType = sourcecode.c.h; path = TWXMPPProvider.h; sourceTree = "<group>"; };
		4FEE103D21F71C4100E6D849 /* TWXMPPProvider.m */ = {isa = PBXFileReference; lastKnownFileType = sourcecode.c.objc; path = TWXMPPProvider.m; sourceTree = "<group>"; };
		4FEE103F21F7257800E6D849 /* XMPPTest.pch */ = {isa = PBXFileReference; lastKnownFileType = sourcecode.c.h; path = XMPPTest.pch; sourceTree = "<group>"; };
		79FF812A0D7E43826EBD8335 /* Pods_XMPPTest.framework */ = {isa = PBXFileReference; explicitFileType = wrapper.framework; includeInIndex = 0; path = Pods_XMPPTest.framework; sourceTree = BUILT_PRODUCTS_DIR; };
		B94D99C325278B573055C7A8 /* Pods-XMPPTest.release.xcconfig */ = {isa = PBXFileReference; includeInIndex = 1; lastKnownFileType = text.xcconfig; name = "Pods-XMPPTest.release.xcconfig"; path = "Pods/Target Support Files/Pods-XMPPTest/Pods-XMPPTest.release.xcconfig"; sourceTree = "<group>"; };
		C0EFF5B21620EF2F192B479A /* Pods-XMPPTest.debug.xcconfig */ = {isa = PBXFileReference; includeInIndex = 1; lastKnownFileType = text.xcconfig; name = "Pods-XMPPTest.debug.xcconfig"; path = "Pods/Target Support Files/Pods-XMPPTest/Pods-XMPPTest.debug.xcconfig"; sourceTree = "<group>"; };
/* End PBXFileReference section */

/* Begin PBXFrameworksBuildPhase section */
		4FEE102021F6F22500E6D849 /* Frameworks */ = {
			isa = PBXFrameworksBuildPhase;
			buildActionMask = 2147483647;
			files = (
				4F4B68E22224080900C4AA96 /* ImageIO.framework in Frameworks */,
				FA0943AC528D8DF9454142BF /* Pods_XMPPTest.framework in Frameworks */,
			);
			runOnlyForDeploymentPostprocessing = 0;
		};
/* End PBXFrameworksBuildPhase section */

/* Begin PBXGroup section */
		3A577F222269A8E7000E1B5D /* Chat User Get Data */ = {
			isa = PBXGroup;
			children = (
				4F5A7B4122684548000BBCF0 /* TWChatGetUserDataViewController.h */,
				4F5A7B4222684548000BBCF0 /* TWChatGetUserDataViewController.m */,
				4F5A7B442268492E000BBCF0 /* TWChatGetUserDataViewController.storyboard */,
				4F5CE215226850FA007CA0F2 /* TWChatUserDataCell.h */,
				4F5CE216226850FA007CA0F2 /* TWChatUserDataCell.m */,
				3AF404FD228ECFF100A72208 /* TWChatComboBoxCell.h */,
				3AF404FE228ECFF100A72208 /* TWChatComboBoxCell.m */,
				3AF404FF228ECFF100A72208 /* TWChatComboBoxCell.xib */,
				4F3241D422950C98005D758D /* TWChatCheckBoxCell.h */,
				4F3241D522950C98005D758D /* TWChatCheckBoxCell.m */,
				4F3241D622950C98005D758D /* TWChatCheckBoxCell.xib */,
				4F5A7B4622684A50000BBCF0 /* TWChatInputFieldCell.h */,
				4F5A7B4722684A50000BBCF0 /* TWChatInputFieldCell.m */,
				4F5A7B4822684A50000BBCF0 /* TWChatInputFieldCell.xib */,
				4F3241C92294268C005D758D /* TWChatSwitchCell.h */,
				4F3241CA2294268C005D758D /* TWChatSwitchCell.m */,
				4F3241CB2294268C005D758D /* TWChatSwitchCell.xib */,
				4F41F077229D064600752FBE /* TWChatDateCell.h */,
				4F41F078229D064600752FBE /* TWChatDateCell.m */,
				4F41F079229D064600752FBE /* TWChatDateCell.xib */,
				4F41F07C229D138800752FBE /* TWChatPeriodCell.h */,
				4F41F07D229D138800752FBE /* TWChatPeriodCell.m */,
				4F41F07E229D138800752FBE /* TWChatPeriodCell.xib */,
				4F5CE2182268562F007CA0F2 /* TWChatButtonCell.h */,
				4F5CE2192268562F007CA0F2 /* TWChatButtonCell.m */,
				4F5CE21A2268562F007CA0F2 /* TWChatButtonCell.xib */,
				4F5CE21022685097007CA0F2 /* TWChatEmptyCell.h */,
				4F5CE21122685097007CA0F2 /* TWChatEmptyCell.m */,
				4F5CE21222685097007CA0F2 /* TWChatEmptyCell.xib */,
				4F41F061229C031200752FBE /* TWDatePickerBottomSheetController.h */,
				4F41F062229C031200752FBE /* TWDatePickerBottomSheetController.m */,
				4F41F066229C0A5300752FBE /* TWDatePickerViewController.h */,
				4F41F067229C0A5300752FBE /* TWDatePickerViewController.m */,
				4F41F064229C051900752FBE /* TWDatePickerViewController.xib */,
				4F41F081229D531600752FBE /* TWCustomPickerViewController.h */,
				4F41F082229D531600752FBE /* TWCustomPickerViewController.m */,
				4F41F083229D531600752FBE /* TWCustomPickerViewController.xib */,
			);
			path = "Chat User Get Data";
			sourceTree = "<group>";
		};
		3A577F232269BA2C000E1B5D /* Unused */ = {
			isa = PBXGroup;
			children = (
				4FEE102921F6F22500E6D849 /* TWChatRosterViewController.h */,
				4FEE102A21F6F22500E6D849 /* TWChatRosterViewController.m */,
				4F0CC6B521F7421D00FA7A5C /* TWChatMessageCell.h */,
				4F0CC6B621F7421D00FA7A5C /* TWChatMessageCell.m */,
				4F0CC6B721F7421D00FA7A5C /* TWChatMessageCell.xib */,
			);
			path = Unused;
			sourceTree = "<group>";
		};
		4F0CC6BA21F873D100FA7A5C /* XMPPExtensions */ = {
			isa = PBXGroup;
			children = (
			);
			path = XMPPExtensions;
			sourceTree = "<group>";
		};
		4F0CC6CE21F9702E00FA7A5C /* Extensions */ = {
			isa = PBXGroup;
			children = (
				4F0CC6CB21F9702700FA7A5C /* UIAlertController+AlertShow.h */,
				4F0CC6CC21F9702700FA7A5C /* UIAlertController+AlertShow.m */,
				4F4B69842225573400C4AA96 /* NSDate+TWChat.h */,
				4F4B69852225573400C4AA96 /* NSDate+TWChat.m */,
				4F4B698722255A0500C4AA96 /* NSDate+Escort.h */,
				4F4B698822255A0600C4AA96 /* NSDate+Escort.m */,
				4F168F06222E820200A0355A /* NSString+TWChat.h */,
				4F168F07222E820200A0355A /* NSString+TWChat.m */,
			);
			path = Extensions;
			sourceTree = "<group>";
		};
		4F168EB0222CF33B00A0355A /* RCMessageKit */ = {
			isa = PBXGroup;
			children = (
				4F168EB1222CF33B00A0355A /* RCMessages.h */,
				4F168EE3222CF33B00A0355A /* RCMessages.m */,
				4F168EB2222CF33B00A0355A /* RCMessagesView.h */,
				4F168EE2222CF33B00A0355A /* RCMessagesView.m */,
				4F168EB3222CF33B00A0355A /* Resources */,
				4F168EBC222CF33B00A0355A /* MenuItem */,
				4F168EBF222CF33B00A0355A /* Cell */,
				4F168EE4222CF33B00A0355A /* RCMessagesView.xib */,
				4F168EE5222CF33B00A0355A /* Data */,
			);
			path = RCMessageKit;
			sourceTree = "<group>";
		};
		4F168EB3222CF33B00A0355A /* Resources */ = {
			isa = PBXGroup;
			children = (
				4F168EB4222CF33B00A0355A /* rcmessage_send@2x.png */,
				4F168EB5222CF33B00A0355A /* rcmessages_audiopause@2x.png */,
				4F168EB6222CF33B00A0355A /* rcmessages_audioplay@2x.png */,
				4F168EB7222CF33B00A0355A /* rcmessage_outgoing.aiff */,
				4F168EB8222CF33B00A0355A /* rcmessages_manual@2x.png */,
				4F168EB9222CF33B00A0355A /* rcmessages_videoplay@2x.png */,
				4F168EBA222CF33B00A0355A /* rcmessage_incoming.aiff */,
				4F168EBB222CF33B00A0355A /* rcmessage_attach@2x.png */,
			);
			path = Resources;
			sourceTree = "<group>";
		};
		4F168EBC222CF33B00A0355A /* MenuItem */ = {
			isa = PBXGroup;
			children = (
				4F168EBD222CF33B00A0355A /* RCMenuItem.m */,
				4F168EBE222CF33B00A0355A /* RCMenuItem.h */,
			);
			path = MenuItem;
			sourceTree = "<group>";
		};
		4F168EBF222CF33B00A0355A /* Cell */ = {
			isa = PBXGroup;
			children = (
				4F168EC0222CF33B00A0355A /* MessageCells */,
				4F168ED5222CF33B00A0355A /* StatusCell */,
				4F168ED8222CF33B00A0355A /* FooterCells */,
				4F168EDD222CF33B00A0355A /* HeaderCells */,
			);
			path = Cell;
			sourceTree = "<group>";
		};
		4F168EC0222CF33B00A0355A /* MessageCells */ = {
			isa = PBXGroup;
			children = (
				4F168EC1222CF33B00A0355A /* 01_Text */,
				4F168EC4222CF33B00A0355A /* 02_Emoji */,
				4F168EC7222CF33B00A0355A /* RCMessageCell.m */,
				4F168EC8222CF33B00A0355A /* 03_Picture */,
				4F168ECB222CF33B00A0355A /* 04_Video */,
				4F168ECE222CF33B00A0355A /* 05_Audio */,
				4F168ED1222CF33B00A0355A /* RCMessageCell.h */,
				4F168ED2222CF33B00A0355A /* 06_Location */,
			);
			path = MessageCells;
			sourceTree = "<group>";
		};
		4F168EC1222CF33B00A0355A /* 01_Text */ = {
			isa = PBXGroup;
			children = (
				4F168EC2222CF33B00A0355A /* RCTextMessageCell.h */,
				4F168EC3222CF33B00A0355A /* RCTextMessageCell.m */,
			);
			path = 01_Text;
			sourceTree = "<group>";
		};
		4F168EC4222CF33B00A0355A /* 02_Emoji */ = {
			isa = PBXGroup;
			children = (
				4F168EC5222CF33B00A0355A /* RCEmojiMessageCell.m */,
				4F168EC6222CF33B00A0355A /* RCEmojiMessageCell.h */,
			);
			path = 02_Emoji;
			sourceTree = "<group>";
		};
		4F168EC8222CF33B00A0355A /* 03_Picture */ = {
			isa = PBXGroup;
			children = (
				4F168EC9222CF33B00A0355A /* RCPictureMessageCell.h */,
				4F168ECA222CF33B00A0355A /* RCPictureMessageCell.m */,
			);
			path = 03_Picture;
			sourceTree = "<group>";
		};
		4F168ECB222CF33B00A0355A /* 04_Video */ = {
			isa = PBXGroup;
			children = (
				4F168ECC222CF33B00A0355A /* RCVideoMessageCell.h */,
				4F168ECD222CF33B00A0355A /* RCVideoMessageCell.m */,
			);
			path = 04_Video;
			sourceTree = "<group>";
		};
		4F168ECE222CF33B00A0355A /* 05_Audio */ = {
			isa = PBXGroup;
			children = (
				4F168ECF222CF33B00A0355A /* RCAudioMessageCell.h */,
				4F168ED0222CF33B00A0355A /* RCAudioMessageCell.m */,
			);
			path = 05_Audio;
			sourceTree = "<group>";
		};
		4F168ED2222CF33B00A0355A /* 06_Location */ = {
			isa = PBXGroup;
			children = (
				4F168ED3222CF33B00A0355A /* RCLocationMessageCell.m */,
				4F168ED4222CF33B00A0355A /* RCLocationMessageCell.h */,
			);
			path = 06_Location;
			sourceTree = "<group>";
		};
		4F168ED5222CF33B00A0355A /* StatusCell */ = {
			isa = PBXGroup;
			children = (
				4F168ED6222CF33B00A0355A /* RCStatusCell.m */,
				4F168ED7222CF33B00A0355A /* RCStatusCell.h */,
			);
			path = StatusCell;
			sourceTree = "<group>";
		};
		4F168ED8222CF33B00A0355A /* FooterCells */ = {
			isa = PBXGroup;
			children = (
				4F168ED9222CF33B00A0355A /* RCSectionFooterCell.h */,
				4F168EDA222CF33B00A0355A /* RCBubbleFooterCell.h */,
				4F168EDB222CF33B00A0355A /* RCSectionFooterCell.m */,
				4F168EDC222CF33B00A0355A /* RCBubbleFooterCell.m */,
			);
			path = FooterCells;
			sourceTree = "<group>";
		};
		4F168EDD222CF33B00A0355A /* HeaderCells */ = {
			isa = PBXGroup;
			children = (
				4F168EDE222CF33B00A0355A /* RCSectionHeaderCell.m */,
				4F168EDF222CF33B00A0355A /* RCBubbleHeaderCell.m */,
				4F168EE0222CF33B00A0355A /* RCSectionHeaderCell.h */,
				4F168EE1222CF33B00A0355A /* RCBubbleHeaderCell.h */,
			);
			path = HeaderCells;
			sourceTree = "<group>";
		};
		4F168EE5222CF33B00A0355A /* Data */ = {
			isa = PBXGroup;
			children = (
				4F168EE6222CF33B00A0355A /* RCMessage.m */,
				4F168EE7222CF33B00A0355A /* RCMessage.h */,
			);
			path = Data;
			sourceTree = "<group>";
		};
		4F4B68C5221D549D00C4AA96 /* Chat Bot */ = {
			isa = PBXGroup;
			children = (
				4F4BF0AC223F990400E88693 /* AnimatedGIF */,
				4F4BF0A8223F984800E88693 /* FDTemplateLayoutCell */,
				4F168EB0222CF33B00A0355A /* RCMessageKit */,
				4F4B68C9221E5A9B00C4AA96 /* HPGrowingTextView */,
				4F5D1002221D2CC0007B52A4 /* TWMessagesView.h */,
				4F5D1003221D2CC0007B52A4 /* TWMessagesView.m */,
				4F5D1005221D2D05007B52A4 /* TWMessagesView.xib */,
				4F5CE22522689877007CA0F2 /* TWChatBotObject.h */,
				4F5CE22622689877007CA0F2 /* TWChatBotObject.m */,
				4F4B68BF221D503000C4AA96 /* TWChatBotAction.h */,
				4F4B68C0221D503000C4AA96 /* TWChatBotAction.m */,
				4F4B68C2221D524500C4AA96 /* TWChatBotActionButton.h */,
				4F4B68C3221D524500C4AA96 /* TWChatBotActionButton.m */,
				4F4B68C6221D54E100C4AA96 /* TWMessage.h */,
				4F4B68C7221D54E100C4AA96 /* TWMessage.m */,
				4F5A7B3E22682C43000BBCF0 /* TWChatBotFunction.h */,
				4F5A7B3F22682C43000BBCF0 /* TWChatBotFunction.m */,
				3AAC2BC2228EDE34000FCE1A /* TWChatBotFunctionParam.h */,
				3AAC2BC3228EDE34000FCE1A /* TWChatBotFunctionParam.m */,
				4F3241D122942BD3005D758D /* TWChatBotFunctionStringParam.h */,
				4F3241D222942BD3005D758D /* TWChatBotFunctionStringParam.m */,
				3AAC2BC5228EDED8000FCE1A /* TWChatBotFunctionComboBoxParam.h */,
				3AAC2BC6228EDED8000FCE1A /* TWChatBotFunctionComboBoxParam.m */,
				4F3241C6229425DC005D758D /* TWChatBotFunctionCheckBoxParam.h */,
				4F3241C7229425DC005D758D /* TWChatBotFunctionCheckBoxParam.m */,
				4F3241CE2294284D005D758D /* TWChatBotFunctionBooleanParam.h */,
				4F3241CF2294284D005D758D /* TWChatBotFunctionBooleanParam.m */,
				4F3241D9229BCB0D005D758D /* TWChatBotFunctionDateParam.h */,
				4F3241DA229BCB0D005D758D /* TWChatBotFunctionDateParam.m */,
				4F3241DC229BCB29005D758D /* TWChatBotFunctionPeriodParam.h */,
				4F3241DD229BCB29005D758D /* TWChatBotFunctionPeriodParam.m */,
				4F4B69792225441700C4AA96 /* TWChatTypingIndicator.h */,
				4F4B697A2225441700C4AA96 /* TWChatTypingIndicator.m */,
				4F4B69822225442B00C4AA96 /* TWChatTypingIndicator.xib */,
				4F168F03222D0CD800A0355A /* XMPPRoomMessageCoreDataStorageObject+TWChat.h */,
				4F168F04222D0CD800A0355A /* XMPPRoomMessageCoreDataStorageObject+TWChat.m */,
			);
			path = "Chat Bot";
			sourceTree = "<group>";
		};
		4F4B68C9221E5A9B00C4AA96 /* HPGrowingTextView */ = {
			isa = PBXGroup;
			children = (
				4F4B68CA221E5A9B00C4AA96 /* HPTextViewInternal.h */,
				4F4B68CB221E5A9B00C4AA96 /* HPGrowingTextView.m */,
				4F4B68CC221E5A9B00C4AA96 /* HPTextViewInternal.m */,
				4F4B68CD221E5A9B00C4AA96 /* HPGrowingTextView.h */,
			);
			path = HPGrowingTextView;
			sourceTree = "<group>";
		};
		4F4B692122251F4400C4AA96 /* Dependencies */ = {
			isa = PBXGroup;
			children = (
				4F5CE21E226874DB007CA0F2 /* NSStringMask */,
			);
			path = Dependencies;
			sourceTree = "<group>";
		};
		4F4BF0A8223F984800E88693 /* FDTemplateLayoutCell */ = {
			isa = PBXGroup;
			children = (
				4F4BF09E223F68DA00E88693 /* UITableView+FDIndexPathHeightCache.h */,
				4F4BF09C223F68D900E88693 /* UITableView+FDIndexPathHeightCache.m */,
				4F4BF09D223F68DA00E88693 /* UITableView+FDKeyedHeightCache.h */,
				4F4BF0A1223F68DB00E88693 /* UITableView+FDKeyedHeightCache.m */,
				4F4BF09F223F68DA00E88693 /* UITableView+FDTemplateLayoutCell.h */,
				4F4BF0A3223F68DB00E88693 /* UITableView+FDTemplateLayoutCell.m */,
				4F4BF0A2223F68DB00E88693 /* UITableView+FDTemplateLayoutCellDebug.h */,
				4F4BF0A0223F68DB00E88693 /* UITableView+FDTemplateLayoutCellDebug.m */,
			);
			path = FDTemplateLayoutCell;
			sourceTree = "<group>";
		};
		4F4BF0AC223F990400E88693 /* AnimatedGIF */ = {
			isa = PBXGroup;
			children = (
				4F4BF0AA223F98FE00E88693 /* UIImage+animatedGIF.h */,
				4F4BF0A9223F98FD00E88693 /* UIImage+animatedGIF.m */,
			);
			path = AnimatedGIF;
			sourceTree = "<group>";
		};
		4F5CE21E226874DB007CA0F2 /* NSStringMask */ = {
			isa = PBXGroup;
			children = (
				4F5CE222226874F9007CA0F2 /* NSStringMask.h */,
				4F5CE21F226874F8007CA0F2 /* NSStringMask.m */,
				4F5CE220226874F8007CA0F2 /* UITextFieldMask.h */,
				4F5CE221226874F9007CA0F2 /* UITextFieldMask.m */,
			);
			path = NSStringMask;
			sourceTree = "<group>";
		};
		4FEE101A21F6F22500E6D849 = {
			isa = PBXGroup;
			children = (
				4F4B692122251F4400C4AA96 /* Dependencies */,
				4FEE102521F6F22500E6D849 /* XMPPTest */,
				4FEE102421F6F22500E6D849 /* Products */,
				9728C5A2D020EEBD319E5006 /* Pods */,
				8BDCF9E10BBE1CF7904B12A1 /* Frameworks */,
			);
			sourceTree = "<group>";
		};
		4FEE102421F6F22500E6D849 /* Products */ = {
			isa = PBXGroup;
			children = (
				4FEE102321F6F22500E6D849 /* XMPPTest.app */,
			);
			name = Products;
			sourceTree = "<group>";
		};
		4FEE102521F6F22500E6D849 /* XMPPTest */ = {
			isa = PBXGroup;
			children = (
				4F493FD122157FF4004CBBFC /* XMPPTest.entitlements */,
				4FEE102621F6F22500E6D849 /* AppDelegate.h */,
				4FEE102721F6F22500E6D849 /* AppDelegate.m */,
				3A577F232269BA2C000E1B5D /* Unused */,
				4F0CC6C321F8820700FA7A5C /* TWChatViewController.h */,
				4F0CC6C421F8820700FA7A5C /* TWChatViewController.m */,
				4F0CC6C621F9694500FA7A5C /* TWChatSettingsViewController.h */,
				4F0CC6C721F9694500FA7A5C /* TWChatSettingsViewController.m */,
				4F0CC6C921F9698000FA7A5C /* TWChatSettings.storyboard */,
				4F0CC6CF21F9CADA00FA7A5C /* TWChatAuthorizationViewController.h */,
				4F0CC6D021F9CADA00FA7A5C /* TWChatAuthorizationViewController.m */,
				4F0CC6D221F9CAF100FA7A5C /* TWChatAuthorization.storyboard */,
				3A3E66112239269800243F93 /* TWImageViewController.h */,
				3A3E66122239269800243F93 /* TWImageViewController.m */,
				3A3E6614223926AB00243F93 /* TWImageViewController.storyboard */,
				3A577F222269A8E7000E1B5D /* Chat User Get Data */,
				4FEE103C21F71C4100E6D849 /* TWXMPPProvider.h */,
				4FEE103D21F71C4100E6D849 /* TWXMPPProvider.m */,
				4F4B68CE221E61C700C4AA96 /* TWChatDataProvider.h */,
				4F4B68CF221E61C700C4AA96 /* TWChatDataProvider.m */,
				4F4B68C5221D549D00C4AA96 /* Chat Bot */,
				4F0CC6CE21F9702E00FA7A5C /* Extensions */,
				4F0CC6BA21F873D100FA7A5C /* XMPPExtensions */,
				4FEE102C21F6F22500E6D849 /* Main.storyboard */,
				4FEE102F21F6F22C00E6D849 /* Assets.xcassets */,
				4F168F01222CF63300A0355A /* testRtf.rtf */,
				4FEE103121F6F22C00E6D849 /* LaunchScreen.storyboard */,
				4FEE103421F6F22C00E6D849 /* Info.plist */,
				4FEE103F21F7257800E6D849 /* XMPPTest.pch */,
				4FEE103521F6F22C00E6D849 /* main.m */,
			);
			path = XMPPTest;
			sourceTree = "<group>";
		};
		8BDCF9E10BBE1CF7904B12A1 /* Frameworks */ = {
			isa = PBXGroup;
			children = (
				4F4B68E12224080900C4AA96 /* ImageIO.framework */,
				79FF812A0D7E43826EBD8335 /* Pods_XMPPTest.framework */,
			);
			name = Frameworks;
			sourceTree = "<group>";
		};
		9728C5A2D020EEBD319E5006 /* Pods */ = {
			isa = PBXGroup;
			children = (
				C0EFF5B21620EF2F192B479A /* Pods-XMPPTest.debug.xcconfig */,
				B94D99C325278B573055C7A8 /* Pods-XMPPTest.release.xcconfig */,
			);
			name = Pods;
			sourceTree = "<group>";
		};
/* End PBXGroup section */

/* Begin PBXNativeTarget section */
		4FEE102221F6F22500E6D849 /* XMPPTest */ = {
			isa = PBXNativeTarget;
			buildConfigurationList = 4FEE103921F6F22C00E6D849 /* Build configuration list for PBXNativeTarget "XMPPTest" */;
			buildPhases = (
				D0B5BF5007E1DA1630F6C813 /* [CP] Check Pods Manifest.lock */,
				4FEE101F21F6F22500E6D849 /* Sources */,
				4FEE102021F6F22500E6D849 /* Frameworks */,
				4FEE102121F6F22500E6D849 /* Resources */,
				4FED7FDD2201832800AFF67F /* Embed Frameworks */,
				7D39ED16FEEBA6AC0600989E /* [CP] Embed Pods Frameworks */,
			);
			buildRules = (
			);
			dependencies = (
			);
			name = XMPPTest;
			productName = XMPPTest;
			productReference = 4FEE102321F6F22500E6D849 /* XMPPTest.app */;
			productType = "com.apple.product-type.application";
		};
/* End PBXNativeTarget section */

/* Begin PBXProject section */
		4FEE101B21F6F22500E6D849 /* Project object */ = {
			isa = PBXProject;
			attributes = {
				LastUpgradeCheck = 1010;
				ORGANIZATIONNAME = oki;
				TargetAttributes = {
					4FEE102221F6F22500E6D849 = {
						CreatedOnToolsVersion = 10.1;
						SystemCapabilities = {
							com.apple.BackgroundModes = {
								enabled = 1;
							};
							com.apple.Push = {
								enabled = 1;
							};
						};
					};
				};
			};
			buildConfigurationList = 4FEE101E21F6F22500E6D849 /* Build configuration list for PBXProject "XMPPTest" */;
			compatibilityVersion = "Xcode 9.3";
			developmentRegion = en;
			hasScannedForEncodings = 0;
			knownRegions = (
				en,
				Base,
			);
			mainGroup = 4FEE101A21F6F22500E6D849;
			productRefGroup = 4FEE102421F6F22500E6D849 /* Products */;
			projectDirPath = "";
			projectRoot = "";
			targets = (
				4FEE102221F6F22500E6D849 /* XMPPTest */,
			);
		};
/* End PBXProject section */

/* Begin PBXResourcesBuildPhase section */
		4FEE102121F6F22500E6D849 /* Resources */ = {
			isa = PBXResourcesBuildPhase;
			buildActionMask = 2147483647;
			files = (
				4F5CE21422685097007CA0F2 /* TWChatEmptyCell.xib in Resources */,
				4FEE103321F6F22C00E6D849 /* LaunchScreen.storyboard in Resources */,
				4F168EE9222CF33B00A0355A /* rcmessages_audiopause@2x.png in Resources */,
				4F168EEF222CF33B00A0355A /* rcmessage_attach@2x.png in Resources */,
				4F168F02222CF63300A0355A /* testRtf.rtf in Resources */,
				4F0CC6D321F9CAF100FA7A5C /* TWChatAuthorization.storyboard in Resources */,
				4F168EFF222CF33B00A0355A /* RCMessagesView.xib in Resources */,
				4FEE103021F6F22C00E6D849 /* Assets.xcassets in Resources */,
				4F41F080229D138800752FBE /* TWChatPeriodCell.xib in Resources */,
				4F0CC6B921F7421D00FA7A5C /* TWChatMessageCell.xib in Resources */,
				4F5A7B452268492E000BBCF0 /* TWChatGetUserDataViewController.storyboard in Resources */,
				4F168EE8222CF33B00A0355A /* rcmessage_send@2x.png in Resources */,
				3AF40501228ECFF100A72208 /* TWChatComboBoxCell.xib in Resources */,
				4F3241CD2294268C005D758D /* TWChatSwitchCell.xib in Resources */,
				3A3E6615223926AB00243F93 /* TWImageViewController.storyboard in Resources */,
				4F5A7B4A22684A50000BBCF0 /* TWChatInputFieldCell.xib in Resources */,
				4F41F085229D531600752FBE /* TWCustomPickerViewController.xib in Resources */,
				4FEE102E21F6F22500E6D849 /* Main.storyboard in Resources */,
				4F168EEE222CF33B00A0355A /* rcmessage_incoming.aiff in Resources */,
				4F4B69832225442B00C4AA96 /* TWChatTypingIndicator.xib in Resources */,
				4F168EEB222CF33B00A0355A /* rcmessage_outgoing.aiff in Resources */,
				4F5D1006221D2D05007B52A4 /* TWMessagesView.xib in Resources */,
				4F41F07B229D064600752FBE /* TWChatDateCell.xib in Resources */,
				4F0CC6CA21F9698000FA7A5C /* TWChatSettings.storyboard in Resources */,
				4F168EEA222CF33B00A0355A /* rcmessages_audioplay@2x.png in Resources */,
				4F168EEC222CF33B00A0355A /* rcmessages_manual@2x.png in Resources */,
				4F3241D822950C98005D758D /* TWChatCheckBoxCell.xib in Resources */,
				4F41F065229C051900752FBE /* TWDatePickerViewController.xib in Resources */,
				4F168EED222CF33B00A0355A /* rcmessages_videoplay@2x.png in Resources */,
				4F5CE21C2268562F007CA0F2 /* TWChatButtonCell.xib in Resources */,
			);
			runOnlyForDeploymentPostprocessing = 0;
		};
/* End PBXResourcesBuildPhase section */

/* Begin PBXShellScriptBuildPhase section */
		7D39ED16FEEBA6AC0600989E /* [CP] Embed Pods Frameworks */ = {
			isa = PBXShellScriptBuildPhase;
			buildActionMask = 2147483647;
			files = (
			);
			inputFileListPaths = (
			);
			inputPaths = (
				"${SRCROOT}/Pods/Target Support Files/Pods-XMPPTest/Pods-XMPPTest-frameworks.sh",
				"${BUILT_PRODUCTS_DIR}/AFNetworking/AFNetworking.framework",
				"${BUILT_PRODUCTS_DIR}/CocoaAsyncSocket/CocoaAsyncSocket.framework",
				"${BUILT_PRODUCTS_DIR}/CocoaLumberjack/CocoaLumberjack.framework",
				"${BUILT_PRODUCTS_DIR}/DZNEmptyDataSet/DZNEmptyDataSet.framework",
				"${BUILT_PRODUCTS_DIR}/KissXML/KissXML.framework",
				"${BUILT_PRODUCTS_DIR}/MDFInternationalization/MDFInternationalization.framework",
				"${BUILT_PRODUCTS_DIR}/MDFTextAccessibility/MDFTextAccessibility.framework",
				"${BUILT_PRODUCTS_DIR}/MaterialComponents/MaterialComponents.framework",
				"${BUILT_PRODUCTS_DIR}/SDWebImage/SDWebImage.framework",
				"${BUILT_PRODUCTS_DIR}/XMPPFramework/XMPPFramework.framework",
				"${BUILT_PRODUCTS_DIR}/libidn/libidn.framework",
			);
			name = "[CP] Embed Pods Frameworks";
			outputFileListPaths = (
			);
			outputPaths = (
				"${TARGET_BUILD_DIR}/${FRAMEWORKS_FOLDER_PATH}/AFNetworking.framework",
				"${TARGET_BUILD_DIR}/${FRAMEWORKS_FOLDER_PATH}/CocoaAsyncSocket.framework",
				"${TARGET_BUILD_DIR}/${FRAMEWORKS_FOLDER_PATH}/CocoaLumberjack.framework",
				"${TARGET_BUILD_DIR}/${FRAMEWORKS_FOLDER_PATH}/DZNEmptyDataSet.framework",
				"${TARGET_BUILD_DIR}/${FRAMEWORKS_FOLDER_PATH}/KissXML.framework",
				"${TARGET_BUILD_DIR}/${FRAMEWORKS_FOLDER_PATH}/MDFInternationalization.framework",
				"${TARGET_BUILD_DIR}/${FRAMEWORKS_FOLDER_PATH}/MDFTextAccessibility.framework",
				"${TARGET_BUILD_DIR}/${FRAMEWORKS_FOLDER_PATH}/MaterialComponents.framework",
				"${TARGET_BUILD_DIR}/${FRAMEWORKS_FOLDER_PATH}/SDWebImage.framework",
				"${TARGET_BUILD_DIR}/${FRAMEWORKS_FOLDER_PATH}/XMPPFramework.framework",
				"${TARGET_BUILD_DIR}/${FRAMEWORKS_FOLDER_PATH}/libidn.framework",
			);
			runOnlyForDeploymentPostprocessing = 0;
			shellPath = /bin/sh;
			shellScript = "\"${SRCROOT}/Pods/Target Support Files/Pods-XMPPTest/Pods-XMPPTest-frameworks.sh\"\n";
			showEnvVarsInLog = 0;
		};
		D0B5BF5007E1DA1630F6C813 /* [CP] Check Pods Manifest.lock */ = {
			isa = PBXShellScriptBuildPhase;
			buildActionMask = 2147483647;
			files = (
			);
			inputFileListPaths = (
			);
			inputPaths = (
				"${PODS_PODFILE_DIR_PATH}/Podfile.lock",
				"${PODS_ROOT}/Manifest.lock",
			);
			name = "[CP] Check Pods Manifest.lock";
			outputFileListPaths = (
			);
			outputPaths = (
				"$(DERIVED_FILE_DIR)/Pods-XMPPTest-checkManifestLockResult.txt",
			);
			runOnlyForDeploymentPostprocessing = 0;
			shellPath = /bin/sh;
			shellScript = "diff \"${PODS_PODFILE_DIR_PATH}/Podfile.lock\" \"${PODS_ROOT}/Manifest.lock\" > /dev/null\nif [ $? != 0 ] ; then\n    # print error to STDERR\n    echo \"error: The sandbox is not in sync with the Podfile.lock. Run 'pod install' or update your CocoaPods installation.\" >&2\n    exit 1\nfi\n# This output is used by Xcode 'outputs' to avoid re-running this script phase.\necho \"SUCCESS\" > \"${SCRIPT_OUTPUT_FILE_0}\"\n";
			showEnvVarsInLog = 0;
		};
/* End PBXShellScriptBuildPhase section */

/* Begin PBXSourcesBuildPhase section */
		4FEE101F21F6F22500E6D849 /* Sources */ = {
			isa = PBXSourcesBuildPhase;
			buildActionMask = 2147483647;
			files = (
				3AFE4072221FC1C900C5A0FE /* HPGrowingTextView.m in Sources */,
				4F4B69862225573400C4AA96 /* NSDate+TWChat.m in Sources */,
				4F5CE21B2268562F007CA0F2 /* TWChatButtonCell.m in Sources */,
				4F168EF3222CF33B00A0355A /* RCMessageCell.m in Sources */,
				4F168F00222CF33B00A0355A /* RCMessage.m in Sources */,
				4F3241D02294284D005D758D /* TWChatBotFunctionBooleanParam.m in Sources */,
				4F3241CC2294268C005D758D /* TWChatSwitchCell.m in Sources */,
				4F168EFA222CF33B00A0355A /* RCBubbleFooterCell.m in Sources */,
				3AFE4073221FC1C900C5A0FE /* HPTextViewInternal.m in Sources */,
				4F41F084229D531600752FBE /* TWCustomPickerViewController.m in Sources */,
				4F3241DE229BCB29005D758D /* TWChatBotFunctionPeriodParam.m in Sources */,
				4FEE102B21F6F22500E6D849 /* TWChatRosterViewController.m in Sources */,
				4F41F07F229D138800752FBE /* TWChatPeriodCell.m in Sources */,
				4F168EF1222CF33B00A0355A /* RCTextMessageCell.m in Sources */,
				4F168EF0222CF33B00A0355A /* RCMenuItem.m in Sources */,
				4F3241DB229BCB0D005D758D /* TWChatBotFunctionDateParam.m in Sources */,
				4F168F08222E820200A0355A /* NSString+TWChat.m in Sources */,
				4F168EF4222CF33B00A0355A /* RCPictureMessageCell.m in Sources */,
				4F168EF5222CF33B00A0355A /* RCVideoMessageCell.m in Sources */,
				4F5A7B4022682C43000BBCF0 /* TWChatBotFunction.m in Sources */,
				4F4BF0A4223F68DC00E88693 /* UITableView+FDIndexPathHeightCache.m in Sources */,
				4F0CC6C821F9694500FA7A5C /* TWChatSettingsViewController.m in Sources */,
				4F168EF8222CF33B00A0355A /* RCStatusCell.m in Sources */,
				4F4BF0A7223F68DC00E88693 /* UITableView+FDTemplateLayoutCell.m in Sources */,
				3AAC2BC7228EDED8000FCE1A /* TWChatBotFunctionComboBoxParam.m in Sources */,
				4F168EF9222CF33B00A0355A /* RCSectionFooterCell.m in Sources */,
				4F4BF0AB223F98FE00E88693 /* UIImage+animatedGIF.m in Sources */,
				4F5CE217226850FA007CA0F2 /* TWChatUserDataCell.m in Sources */,
				4F0CC6C521F8820700FA7A5C /* TWChatViewController.m in Sources */,
				4F4BF0A5223F68DC00E88693 /* UITableView+FDTemplateLayoutCellDebug.m in Sources */,
				4F0CC6B821F7421D00FA7A5C /* TWChatMessageCell.m in Sources */,
				4F5A7B4322684548000BBCF0 /* TWChatGetUserDataViewController.m in Sources */,
				4F4B68C8221D54E100C4AA96 /* TWMessage.m in Sources */,
				4F3241D322942BD3005D758D /* TWChatBotFunctionStringParam.m in Sources */,
				4F168EFD222CF33B00A0355A /* RCMessagesView.m in Sources */,
				4F5CE223226874F9007CA0F2 /* NSStringMask.m in Sources */,
				4F5D1004221D2CC0007B52A4 /* TWMessagesView.m in Sources */,
				4F168EF2222CF33B00A0355A /* RCEmojiMessageCell.m in Sources */,
				4F0CC6D121F9CADA00FA7A5C /* TWChatAuthorizationViewController.m in Sources */,
				4FEE103621F6F22C00E6D849 /* main.m in Sources */,
				4FEE103E21F71C4100E6D849 /* TWXMPPProvider.m in Sources */,
				4F3241C8229425DC005D758D /* TWChatBotFunctionCheckBoxParam.m in Sources */,
				4F5A7B4922684A50000BBCF0 /* TWChatInputFieldCell.m in Sources */,
				4F168EFE222CF33B00A0355A /* RCMessages.m in Sources */,
				4F4B68C4221D524500C4AA96 /* TWChatBotActionButton.m in Sources */,
				4F3241D722950C98005D758D /* TWChatCheckBoxCell.m in Sources */,
				4F4B698922255A0700C4AA96 /* NSDate+Escort.m in Sources */,
				4F0CC6CD21F9702700FA7A5C /* UIAlertController+AlertShow.m in Sources */,
				4F4B68C1221D503000C4AA96 /* TWChatBotAction.m in Sources */,
				3AF40500228ECFF100A72208 /* TWChatComboBoxCell.m in Sources */,
				3AAC2BC4228EDE34000FCE1A /* TWChatBotFunctionParam.m in Sources */,
				3A3E66132239269800243F93 /* TWImageViewController.m in Sources */,
				4F41F063229C031200752FBE /* TWDatePickerBottomSheetController.m in Sources */,
				4F4BF0A6223F68DC00E88693 /* UITableView+FDKeyedHeightCache.m in Sources */,
				4F168EFC222CF33B00A0355A /* RCBubbleHeaderCell.m in Sources */,
				4FEE102821F6F22500E6D849 /* AppDelegate.m in Sources */,
				4F168EF6222CF33B00A0355A /* RCAudioMessageCell.m in Sources */,
				4F168EFB222CF33B00A0355A /* RCSectionHeaderCell.m in Sources */,
				4F168F05222D0CD800A0355A /* XMPPRoomMessageCoreDataStorageObject+TWChat.m in Sources */,
				4F4B68D0221E61C700C4AA96 /* TWChatDataProvider.m in Sources */,
				4F5CE21322685097007CA0F2 /* TWChatEmptyCell.m in Sources */,
				4F4B697B2225441700C4AA96 /* TWChatTypingIndicator.m in Sources */,
				4F41F07A229D064600752FBE /* TWChatDateCell.m in Sources */,
				4F168EF7222CF33B00A0355A /* RCLocationMessageCell.m in Sources */,
				4F41F068229C0A5300752FBE /* TWDatePickerViewController.m in Sources */,
				4F5CE224226874F9007CA0F2 /* UITextFieldMask.m in Sources */,
				4F5CE22722689877007CA0F2 /* TWChatBotObject.m in Sources */,
			);
			runOnlyForDeploymentPostprocessing = 0;
		};
/* End PBXSourcesBuildPhase section */

/* Begin PBXVariantGroup section */
		4FEE102C21F6F22500E6D849 /* Main.storyboard */ = {
			isa = PBXVariantGroup;
			children = (
				4FEE102D21F6F22500E6D849 /* Base */,
			);
			name = Main.storyboard;
			sourceTree = "<group>";
		};
		4FEE103121F6F22C00E6D849 /* LaunchScreen.storyboard */ = {
			isa = PBXVariantGroup;
			children = (
				4FEE103221F6F22C00E6D849 /* Base */,
			);
			name = LaunchScreen.storyboard;
			sourceTree = "<group>";
		};
/* End PBXVariantGroup section */

/* Begin XCBuildConfiguration section */
		4FEE103721F6F22C00E6D849 /* Debug */ = {
			isa = XCBuildConfiguration;
			buildSettings = {
				ALWAYS_SEARCH_USER_PATHS = NO;
				CLANG_ANALYZER_NONNULL = YES;
				CLANG_ANALYZER_NUMBER_OBJECT_CONVERSION = YES_AGGRESSIVE;
				CLANG_CXX_LANGUAGE_STANDARD = "gnu++14";
				CLANG_CXX_LIBRARY = "libc++";
				CLANG_ENABLE_MODULES = YES;
				CLANG_ENABLE_OBJC_ARC = YES;
				CLANG_ENABLE_OBJC_WEAK = YES;
				CLANG_WARN_BLOCK_CAPTURE_AUTORELEASING = YES;
				CLANG_WARN_BOOL_CONVERSION = YES;
				CLANG_WARN_COMMA = YES;
				CLANG_WARN_CONSTANT_CONVERSION = YES;
				CLANG_WARN_DEPRECATED_OBJC_IMPLEMENTATIONS = YES;
				CLANG_WARN_DIRECT_OBJC_ISA_USAGE = YES_ERROR;
				CLANG_WARN_DOCUMENTATION_COMMENTS = YES;
				CLANG_WARN_EMPTY_BODY = YES;
				CLANG_WARN_ENUM_CONVERSION = YES;
				CLANG_WARN_INFINITE_RECURSION = YES;
				CLANG_WARN_INT_CONVERSION = YES;
				CLANG_WARN_NON_LITERAL_NULL_CONVERSION = YES;
				CLANG_WARN_OBJC_IMPLICIT_RETAIN_SELF = YES;
				CLANG_WARN_OBJC_LITERAL_CONVERSION = YES;
				CLANG_WARN_OBJC_ROOT_CLASS = YES_ERROR;
				CLANG_WARN_RANGE_LOOP_ANALYSIS = YES;
				CLANG_WARN_STRICT_PROTOTYPES = YES;
				CLANG_WARN_SUSPICIOUS_MOVE = YES;
				CLANG_WARN_UNGUARDED_AVAILABILITY = YES_AGGRESSIVE;
				CLANG_WARN_UNREACHABLE_CODE = YES;
				CLANG_WARN__DUPLICATE_METHOD_MATCH = YES;
				CODE_SIGN_IDENTITY = "iPhone Developer";
				COPY_PHASE_STRIP = NO;
				DEBUG_INFORMATION_FORMAT = dwarf;
				ENABLE_STRICT_OBJC_MSGSEND = YES;
				ENABLE_TESTABILITY = YES;
				GCC_C_LANGUAGE_STANDARD = gnu11;
				GCC_DYNAMIC_NO_PIC = NO;
				GCC_NO_COMMON_BLOCKS = YES;
				GCC_OPTIMIZATION_LEVEL = 0;
				GCC_PREPROCESSOR_DEFINITIONS = (
					"DEBUG=1",
					"$(inherited)",
				);
				GCC_WARN_64_TO_32_BIT_CONVERSION = YES;
				GCC_WARN_ABOUT_RETURN_TYPE = YES_ERROR;
				GCC_WARN_UNDECLARED_SELECTOR = YES;
				GCC_WARN_UNINITIALIZED_AUTOS = YES_AGGRESSIVE;
				GCC_WARN_UNUSED_FUNCTION = YES;
				GCC_WARN_UNUSED_VARIABLE = YES;
				IPHONEOS_DEPLOYMENT_TARGET = 12.1;
				MTL_ENABLE_DEBUG_INFO = INCLUDE_SOURCE;
				MTL_FAST_MATH = YES;
				ONLY_ACTIVE_ARCH = YES;
				SDKROOT = iphoneos;
			};
			name = Debug;
		};
		4FEE103821F6F22C00E6D849 /* Release */ = {
			isa = XCBuildConfiguration;
			buildSettings = {
				ALWAYS_SEARCH_USER_PATHS = NO;
				CLANG_ANALYZER_NONNULL = YES;
				CLANG_ANALYZER_NUMBER_OBJECT_CONVERSION = YES_AGGRESSIVE;
				CLANG_CXX_LANGUAGE_STANDARD = "gnu++14";
				CLANG_CXX_LIBRARY = "libc++";
				CLANG_ENABLE_MODULES = YES;
				CLANG_ENABLE_OBJC_ARC = YES;
				CLANG_ENABLE_OBJC_WEAK = YES;
				CLANG_WARN_BLOCK_CAPTURE_AUTORELEASING = YES;
				CLANG_WARN_BOOL_CONVERSION = YES;
				CLANG_WARN_COMMA = YES;
				CLANG_WARN_CONSTANT_CONVERSION = YES;
				CLANG_WARN_DEPRECATED_OBJC_IMPLEMENTATIONS = YES;
				CLANG_WARN_DIRECT_OBJC_ISA_USAGE = YES_ERROR;
				CLANG_WARN_DOCUMENTATION_COMMENTS = YES;
				CLANG_WARN_EMPTY_BODY = YES;
				CLANG_WARN_ENUM_CONVERSION = YES;
				CLANG_WARN_INFINITE_RECURSION = YES;
				CLANG_WARN_INT_CONVERSION = YES;
				CLANG_WARN_NON_LITERAL_NULL_CONVERSION = YES;
				CLANG_WARN_OBJC_IMPLICIT_RETAIN_SELF = YES;
				CLANG_WARN_OBJC_LITERAL_CONVERSION = YES;
				CLANG_WARN_OBJC_ROOT_CLASS = YES_ERROR;
				CLANG_WARN_RANGE_LOOP_ANALYSIS = YES;
				CLANG_WARN_STRICT_PROTOTYPES = YES;
				CLANG_WARN_SUSPICIOUS_MOVE = YES;
				CLANG_WARN_UNGUARDED_AVAILABILITY = YES_AGGRESSIVE;
				CLANG_WARN_UNREACHABLE_CODE = YES;
				CLANG_WARN__DUPLICATE_METHOD_MATCH = YES;
				CODE_SIGN_IDENTITY = "iPhone Developer";
				COPY_PHASE_STRIP = NO;
				DEBUG_INFORMATION_FORMAT = "dwarf-with-dsym";
				ENABLE_NS_ASSERTIONS = NO;
				ENABLE_STRICT_OBJC_MSGSEND = YES;
				GCC_C_LANGUAGE_STANDARD = gnu11;
				GCC_NO_COMMON_BLOCKS = YES;
				GCC_WARN_64_TO_32_BIT_CONVERSION = YES;
				GCC_WARN_ABOUT_RETURN_TYPE = YES_ERROR;
				GCC_WARN_UNDECLARED_SELECTOR = YES;
				GCC_WARN_UNINITIALIZED_AUTOS = YES_AGGRESSIVE;
				GCC_WARN_UNUSED_FUNCTION = YES;
				GCC_WARN_UNUSED_VARIABLE = YES;
				IPHONEOS_DEPLOYMENT_TARGET = 12.1;
				MTL_ENABLE_DEBUG_INFO = NO;
				MTL_FAST_MATH = YES;
				SDKROOT = iphoneos;
				VALIDATE_PRODUCT = YES;
			};
			name = Release;
		};
		4FEE103A21F6F22C00E6D849 /* Debug */ = {
			isa = XCBuildConfiguration;
			baseConfigurationReference = C0EFF5B21620EF2F192B479A /* Pods-XMPPTest.debug.xcconfig */;
			buildSettings = {
				ASSETCATALOG_COMPILER_APPICON_NAME = AppIcon;
				CODE_SIGN_ENTITLEMENTS = XMPPTest/XMPPTest.entitlements;
				CODE_SIGN_STYLE = Automatic;
				DEVELOPMENT_TEAM = WTV9MV492Q;
				ENABLE_BITCODE = NO;
				FRAMEWORK_SEARCH_PATHS = (
					"$(inherited)",
					"$(PROJECT_DIR)",
					"/Users/OK/Library/Developer/Xcode/DerivedData/TWSIPFramework-caxmfoewumlrjxfilqleziqdumgm/Build/Products/Debug-iphoneos/",
				);
				GCC_PREFIX_HEADER = XMPPTest/XMPPTest.pch;
				GCC_SYMBOLS_PRIVATE_EXTERN = YES;
				INFOPLIST_FILE = XMPPTest/Info.plist;
				IPHONEOS_DEPLOYMENT_TARGET = 10.0;
				LD_RUNPATH_SEARCH_PATHS = (
					"$(inherited)",
					"@executable_path/Frameworks",
				);
				PRODUCT_BUNDLE_IDENTIFIER = com.oki.XMPPTest;
				PRODUCT_NAME = "$(TARGET_NAME)";
				TARGETED_DEVICE_FAMILY = "1,2";
			};
			name = Debug;
		};
		4FEE103B21F6F22C00E6D849 /* Release */ = {
			isa = XCBuildConfiguration;
			baseConfigurationReference = B94D99C325278B573055C7A8 /* Pods-XMPPTest.release.xcconfig */;
			buildSettings = {
				ASSETCATALOG_COMPILER_APPICON_NAME = AppIcon;
				CODE_SIGN_ENTITLEMENTS = XMPPTest/XMPPTest.entitlements;
				CODE_SIGN_STYLE = Automatic;
				DEVELOPMENT_TEAM = WTV9MV492Q;
				ENABLE_BITCODE = NO;
				FRAMEWORK_SEARCH_PATHS = (
					"$(inherited)",
					"$(PROJECT_DIR)",
				);
				GCC_PREFIX_HEADER = XMPPTest/XMPPTest.pch;
				GCC_SYMBOLS_PRIVATE_EXTERN = YES;
				INFOPLIST_FILE = XMPPTest/Info.plist;
				IPHONEOS_DEPLOYMENT_TARGET = 10.0;
				LD_RUNPATH_SEARCH_PATHS = (
					"$(inherited)",
					"@executable_path/Frameworks",
				);
				PRODUCT_BUNDLE_IDENTIFIER = com.oki.XMPPTest;
				PRODUCT_NAME = "$(TARGET_NAME)";
				TARGETED_DEVICE_FAMILY = "1,2";
			};
			name = Release;
		};
/* End XCBuildConfiguration section */

/* Begin XCConfigurationList section */
		4FEE101E21F6F22500E6D849 /* Build configuration list for PBXProject "XMPPTest" */ = {
			isa = XCConfigurationList;
			buildConfigurations = (
				4FEE103721F6F22C00E6D849 /* Debug */,
				4FEE103821F6F22C00E6D849 /* Release */,
			);
			defaultConfigurationIsVisible = 0;
			defaultConfigurationName = Release;
		};
		4FEE103921F6F22C00E6D849 /* Build configuration list for PBXNativeTarget "XMPPTest" */ = {
			isa = XCConfigurationList;
			buildConfigurations = (
				4FEE103A21F6F22C00E6D849 /* Debug */,
				4FEE103B21F6F22C00E6D849 /* Release */,
			);
			defaultConfigurationIsVisible = 0;
			defaultConfigurationName = Release;
		};
/* End XCConfigurationList section */
	};
	rootObject = 4FEE101B21F6F22500E6D849 /* Project object */;
}
